
Microsoft Visual Studio Solution File, Format Version 12.00
# Visual Studio 14
VisualStudioVersion = 14.0.25420.1
MinimumVisualStudioVersion = 10.0.40219.1
Project("{FAE04EC0-301F-11D3-BF4B-00C04F79EFBC}") = "CPForms", "CPForms\CPForms\CPForms.csproj", "{8812FC81-9C97-4C0F-96ED-D1C3F4142D9A}"
EndProject
Project("{FAE04EC0-301F-11D3-BF4B-00C04F79EFBC}") = "CPForms.Droid", "CPForms\CPForms.Droid\CPForms.Droid.csproj", "{7369EF23-8696-4546-B82B-BA93CEAA8699}"
EndProject
Project("{FAE04EC0-301F-11D3-BF4B-00C04F79EFBC}") = "CPForms.iOS", "CPForms\CPForms.iOS\CPForms.iOS.csproj", "{28BA9BA7-B0BB-44F8-A92B-92398B897EDC}"
EndProject
Project("{FAE04EC0-301F-11D3-BF4B-00C04F79EFBC}") = "CPForms.WinPhone", "CPForms\CPForms.WinPhone\CPForms.WinPhone.csproj", "{7CDEAD6D-F0AD-4729-83B4-F6AD1CFC58CC}"
EndProject
Project("{FAE04EC0-301F-11D3-BF4B-00C04F79EFBC}") = "CPForms.UWP", "CPForms\CPForms.UWP\CPForms.UWP.csproj", "{9548C0AC-8CCE-40D8-9B00-DCAD0A9F2950}"
EndProject
Project("{FAE04EC0-301F-11D3-BF4B-00C04F79EFBC}") = "CPForms.Windows", "CPForms\CPForms.Windows\CPForms.Windows.csproj", "{9094BEF1-F554-4A97-B87B-EB9397323E70}"
EndProject
Global
	GlobalSection(SolutionConfigurationPlatforms) = preSolution
		Ad-Hoc|Any CPU = Ad-Hoc|Any CPU
		Ad-Hoc|ARM = Ad-Hoc|ARM
		Ad-Hoc|iPhone = Ad-Hoc|iPhone
		Ad-Hoc|iPhoneSimulator = Ad-Hoc|iPhoneSimulator
		Ad-Hoc|x64 = Ad-Hoc|x64
		Ad-Hoc|x86 = Ad-Hoc|x86
		AppStore|Any CPU = AppStore|Any CPU
		AppStore|ARM = AppStore|ARM
		AppStore|iPhone = AppStore|iPhone
		AppStore|iPhoneSimulator = AppStore|iPhoneSimulator
		AppStore|x64 = AppStore|x64
		AppStore|x86 = AppStore|x86
		Debug|Any CPU = Debug|Any CPU
		Debug|ARM = Debug|ARM
		Debug|iPhone = Debug|iPhone
		Debug|iPhoneSimulator = Debug|iPhoneSimulator
		Debug|x64 = Debug|x64
		Debug|x86 = Debug|x86
		Release|Any CPU = Release|Any CPU
		Release|ARM = Release|ARM
		Release|iPhone = Release|iPhone
		Release|iPhoneSimulator = Release|iPhoneSimulator
		Release|x64 = Release|x64
		Release|x86 = Release|x86
	EndGlobalSection
	GlobalSection(ProjectConfigurationPlatforms) = postSolution
		{8812FC81-9C97-4C0F-96ED-D1C3F4142D9A}.Ad-Hoc|Any CPU.ActiveCfg = Release|Any CPU
		{8812FC81-9C97-4C0F-96ED-D1C3F4142D9A}.Ad-Hoc|Any CPU.Build.0 = Release|Any CPU
		{8812FC81-9C97-4C0F-96ED-D1C3F4142D9A}.Ad-Hoc|ARM.ActiveCfg = Release|Any CPU
		{8812FC81-9C97-4C0F-96ED-D1C3F4142D9A}.Ad-Hoc|ARM.Build.0 = Release|Any CPU
		{8812FC81-9C97-4C0F-96ED-D1C3F4142D9A}.Ad-Hoc|iPhone.ActiveCfg = Release|Any CPU
		{8812FC81-9C97-4C0F-96ED-D1C3F4142D9A}.Ad-Hoc|iPhone.Build.0 = Release|Any CPU
		{8812FC81-9C97-4C0F-96ED-D1C3F4142D9A}.Ad-Hoc|iPhoneSimulator.ActiveCfg = Release|Any CPU
		{8812FC81-9C97-4C0F-96ED-D1C3F4142D9A}.Ad-Hoc|iPhoneSimulator.Build.0 = Release|Any CPU
		{8812FC81-9C97-4C0F-96ED-D1C3F4142D9A}.Ad-Hoc|x64.ActiveCfg = Release|Any CPU
		{8812FC81-9C97-4C0F-96ED-D1C3F4142D9A}.Ad-Hoc|x64.Build.0 = Release|Any CPU
		{8812FC81-9C97-4C0F-96ED-D1C3F4142D9A}.Ad-Hoc|x86.ActiveCfg = Release|Any CPU
		{8812FC81-9C97-4C0F-96ED-D1C3F4142D9A}.Ad-Hoc|x86.Build.0 = Release|Any CPU
		{8812FC81-9C97-4C0F-96ED-D1C3F4142D9A}.AppStore|Any CPU.ActiveCfg = Release|Any CPU
		{8812FC81-9C97-4C0F-96ED-D1C3F4142D9A}.AppStore|Any CPU.Build.0 = Release|Any CPU
		{8812FC81-9C97-4C0F-96ED-D1C3F4142D9A}.AppStore|ARM.ActiveCfg = Release|Any CPU
		{8812FC81-9C97-4C0F-96ED-D1C3F4142D9A}.AppStore|ARM.Build.0 = Release|Any CPU
		{8812FC81-9C97-4C0F-96ED-D1C3F4142D9A}.AppStore|iPhone.ActiveCfg = Release|Any CPU
		{8812FC81-9C97-4C0F-96ED-D1C3F4142D9A}.AppStore|iPhone.Build.0 = Release|Any CPU
		{8812FC81-9C97-4C0F-96ED-D1C3F4142D9A}.AppStore|iPhoneSimulator.ActiveCfg = Release|Any CPU
		{8812FC81-9C97-4C0F-96ED-D1C3F4142D9A}.AppStore|iPhoneSimulator.Build.0 = Release|Any CPU
		{8812FC81-9C97-4C0F-96ED-D1C3F4142D9A}.AppStore|x64.ActiveCfg = Release|Any CPU
		{8812FC81-9C97-4C0F-96ED-D1C3F4142D9A}.AppStore|x64.Build.0 = Release|Any CPU
		{8812FC81-9C97-4C0F-96ED-D1C3F4142D9A}.AppStore|x86.ActiveCfg = Release|Any CPU
		{8812FC81-9C97-4C0F-96ED-D1C3F4142D9A}.AppStore|x86.Build.0 = Release|Any CPU
		{8812FC81-9C97-4C0F-96ED-D1C3F4142D9A}.Debug|Any CPU.ActiveCfg = Debug|Any CPU
		{8812FC81-9C97-4C0F-96ED-D1C3F4142D9A}.Debug|Any CPU.Build.0 = Debug|Any CPU
		{8812FC81-9C97-4C0F-96ED-D1C3F4142D9A}.Debug|ARM.ActiveCfg = Debug|Any CPU
		{8812FC81-9C97-4C0F-96ED-D1C3F4142D9A}.Debug|ARM.Build.0 = Debug|Any CPU
		{8812FC81-9C97-4C0F-96ED-D1C3F4142D9A}.Debug|iPhone.ActiveCfg = Debug|Any CPU
		{8812FC81-9C97-4C0F-96ED-D1C3F4142D9A}.Debug|iPhone.Build.0 = Debug|Any CPU
		{8812FC81-9C97-4C0F-96ED-D1C3F4142D9A}.Debug|iPhoneSimulator.ActiveCfg = Debug|Any CPU
		{8812FC81-9C97-4C0F-96ED-D1C3F4142D9A}.Debug|iPhoneSimulator.Build.0 = Debug|Any CPU
		{8812FC81-9C97-4C0F-96ED-D1C3F4142D9A}.Debug|x64.ActiveCfg = Debug|Any CPU
		{8812FC81-9C97-4C0F-96ED-D1C3F4142D9A}.Debug|x64.Build.0 = Debug|Any CPU
		{8812FC81-9C97-4C0F-96ED-D1C3F4142D9A}.Debug|x86.ActiveCfg = Debug|Any CPU
		{8812FC81-9C97-4C0F-96ED-D1C3F4142D9A}.Debug|x86.Build.0 = Debug|Any CPU
		{8812FC81-9C97-4C0F-96ED-D1C3F4142D9A}.Release|Any CPU.ActiveCfg = Release|Any CPU
		{8812FC81-9C97-4C0F-96ED-D1C3F4142D9A}.Release|Any CPU.Build.0 = Release|Any CPU
		{8812FC81-9C97-4C0F-96ED-D1C3F4142D9A}.Release|ARM.ActiveCfg = Release|Any CPU
		{8812FC81-9C97-4C0F-96ED-D1C3F4142D9A}.Release|ARM.Build.0 = Release|Any CPU
		{8812FC81-9C97-4C0F-96ED-D1C3F4142D9A}.Release|iPhone.ActiveCfg = Release|Any CPU
		{8812FC81-9C97-4C0F-96ED-D1C3F4142D9A}.Release|iPhone.Build.0 = Release|Any CPU
		{8812FC81-9C97-4C0F-96ED-D1C3F4142D9A}.Release|iPhoneSimulator.ActiveCfg = Release|Any CPU
		{8812FC81-9C97-4C0F-96ED-D1C3F4142D9A}.Release|iPhoneSimulator.Build.0 = Release|Any CPU
		{8812FC81-9C97-4C0F-96ED-D1C3F4142D9A}.Release|x64.ActiveCfg = Release|Any CPU
		{8812FC81-9C97-4C0F-96ED-D1C3F4142D9A}.Release|x64.Build.0 = Release|Any CPU
		{8812FC81-9C97-4C0F-96ED-D1C3F4142D9A}.Release|x86.ActiveCfg = Release|Any CPU
		{8812FC81-9C97-4C0F-96ED-D1C3F4142D9A}.Release|x86.Build.0 = Release|Any CPU
		{7369EF23-8696-4546-B82B-BA93CEAA8699}.Ad-Hoc|Any CPU.ActiveCfg = Release|Any CPU
		{7369EF23-8696-4546-B82B-BA93CEAA8699}.Ad-Hoc|Any CPU.Build.0 = Release|Any CPU
		{7369EF23-8696-4546-B82B-BA93CEAA8699}.Ad-Hoc|Any CPU.Deploy.0 = Release|Any CPU
		{7369EF23-8696-4546-B82B-BA93CEAA8699}.Ad-Hoc|ARM.ActiveCfg = Release|Any CPU
		{7369EF23-8696-4546-B82B-BA93CEAA8699}.Ad-Hoc|ARM.Build.0 = Release|Any CPU
		{7369EF23-8696-4546-B82B-BA93CEAA8699}.Ad-Hoc|ARM.Deploy.0 = Release|Any CPU
		{7369EF23-8696-4546-B82B-BA93CEAA8699}.Ad-Hoc|iPhone.ActiveCfg = Release|Any CPU
		{7369EF23-8696-4546-B82B-BA93CEAA8699}.Ad-Hoc|iPhone.Build.0 = Release|Any CPU
		{7369EF23-8696-4546-B82B-BA93CEAA8699}.Ad-Hoc|iPhone.Deploy.0 = Release|Any CPU
		{7369EF23-8696-4546-B82B-BA93CEAA8699}.Ad-Hoc|iPhoneSimulator.ActiveCfg = Release|Any CPU
		{7369EF23-8696-4546-B82B-BA93CEAA8699}.Ad-Hoc|iPhoneSimulator.Build.0 = Release|Any CPU
		{7369EF23-8696-4546-B82B-BA93CEAA8699}.Ad-Hoc|iPhoneSimulator.Deploy.0 = Release|Any CPU
		{7369EF23-8696-4546-B82B-BA93CEAA8699}.Ad-Hoc|x64.ActiveCfg = Release|Any CPU
		{7369EF23-8696-4546-B82B-BA93CEAA8699}.Ad-Hoc|x64.Build.0 = Release|Any CPU
		{7369EF23-8696-4546-B82B-BA93CEAA8699}.Ad-Hoc|x64.Deploy.0 = Release|Any CPU
		{7369EF23-8696-4546-B82B-BA93CEAA8699}.Ad-Hoc|x86.ActiveCfg = Release|Any CPU
		{7369EF23-8696-4546-B82B-BA93CEAA8699}.Ad-Hoc|x86.Build.0 = Release|Any CPU
		{7369EF23-8696-4546-B82B-BA93CEAA8699}.Ad-Hoc|x86.Deploy.0 = Release|Any CPU
		{7369EF23-8696-4546-B82B-BA93CEAA8699}.AppStore|Any CPU.ActiveCfg = Release|Any CPU
		{7369EF23-8696-4546-B82B-BA93CEAA8699}.AppStore|Any CPU.Build.0 = Release|Any CPU
		{7369EF23-8696-4546-B82B-BA93CEAA8699}.AppStore|Any CPU.Deploy.0 = Release|Any CPU
		{7369EF23-8696-4546-B82B-BA93CEAA8699}.AppStore|ARM.ActiveCfg = Release|Any CPU
		{7369EF23-8696-4546-B82B-BA93CEAA8699}.AppStore|ARM.Build.0 = Release|Any CPU
		{7369EF23-8696-4546-B82B-BA93CEAA8699}.AppStore|ARM.Deploy.0 = Release|Any CPU
		{7369EF23-8696-4546-B82B-BA93CEAA8699}.AppStore|iPhone.ActiveCfg = Release|Any CPU
		{7369EF23-8696-4546-B82B-BA93CEAA8699}.AppStore|iPhone.Build.0 = Release|Any CPU
		{7369EF23-8696-4546-B82B-BA93CEAA8699}.AppStore|iPhone.Deploy.0 = Release|Any CPU
		{7369EF23-8696-4546-B82B-BA93CEAA8699}.AppStore|iPhoneSimulator.ActiveCfg = Release|Any CPU
		{7369EF23-8696-4546-B82B-BA93CEAA8699}.AppStore|iPhoneSimulator.Build.0 = Release|Any CPU
		{7369EF23-8696-4546-B82B-BA93CEAA8699}.AppStore|iPhoneSimulator.Deploy.0 = Release|Any CPU
		{7369EF23-8696-4546-B82B-BA93CEAA8699}.AppStore|x64.ActiveCfg = Release|Any CPU
		{7369EF23-8696-4546-B82B-BA93CEAA8699}.AppStore|x64.Build.0 = Release|Any CPU
		{7369EF23-8696-4546-B82B-BA93CEAA8699}.AppStore|x64.Deploy.0 = Release|Any CPU
		{7369EF23-8696-4546-B82B-BA93CEAA8699}.AppStore|x86.ActiveCfg = Release|Any CPU
		{7369EF23-8696-4546-B82B-BA93CEAA8699}.AppStore|x86.Build.0 = Release|Any CPU
		{7369EF23-8696-4546-B82B-BA93CEAA8699}.AppStore|x86.Deploy.0 = Release|Any CPU
		{7369EF23-8696-4546-B82B-BA93CEAA8699}.Debug|Any CPU.ActiveCfg = Debug|Any CPU
		{7369EF23-8696-4546-B82B-BA93CEAA8699}.Debug|Any CPU.Build.0 = Debug|Any CPU
		{7369EF23-8696-4546-B82B-BA93CEAA8699}.Debug|Any CPU.Deploy.0 = Debug|Any CPU
		{7369EF23-8696-4546-B82B-BA93CEAA8699}.Debug|ARM.ActiveCfg = Debug|Any CPU
		{7369EF23-8696-4546-B82B-BA93CEAA8699}.Debug|ARM.Build.0 = Debug|Any CPU
		{7369EF23-8696-4546-B82B-BA93CEAA8699}.Debug|ARM.Deploy.0 = Debug|Any CPU
		{7369EF23-8696-4546-B82B-BA93CEAA8699}.Debug|iPhone.ActiveCfg = Debug|Any CPU
		{7369EF23-8696-4546-B82B-BA93CEAA8699}.Debug|iPhone.Build.0 = Debug|Any CPU
		{7369EF23-8696-4546-B82B-BA93CEAA8699}.Debug|iPhone.Deploy.0 = Debug|Any CPU
		{7369EF23-8696-4546-B82B-BA93CEAA8699}.Debug|iPhoneSimulator.ActiveCfg = Debug|Any CPU
		{7369EF23-8696-4546-B82B-BA93CEAA8699}.Debug|iPhoneSimulator.Build.0 = Debug|Any CPU
		{7369EF23-8696-4546-B82B-BA93CEAA8699}.Debug|iPhoneSimulator.Deploy.0 = Debug|Any CPU
		{7369EF23-8696-4546-B82B-BA93CEAA8699}.Debug|x64.ActiveCfg = Debug|Any CPU
		{7369EF23-8696-4546-B82B-BA93CEAA8699}.Debug|x64.Build.0 = Debug|Any CPU
		{7369EF23-8696-4546-B82B-BA93CEAA8699}.Debug|x64.Deploy.0 = Debug|Any CPU
		{7369EF23-8696-4546-B82B-BA93CEAA8699}.Debug|x86.ActiveCfg = Debug|Any CPU
		{7369EF23-8696-4546-B82B-BA93CEAA8699}.Debug|x86.Build.0 = Debug|Any CPU
		{7369EF23-8696-4546-B82B-BA93CEAA8699}.Debug|x86.Deploy.0 = Debug|Any CPU
		{7369EF23-8696-4546-B82B-BA93CEAA8699}.Release|Any CPU.ActiveCfg = Release|Any CPU
		{7369EF23-8696-4546-B82B-BA93CEAA8699}.Release|Any CPU.Build.0 = Release|Any CPU
		{7369EF23-8696-4546-B82B-BA93CEAA8699}.Release|Any CPU.Deploy.0 = Release|Any CPU
		{7369EF23-8696-4546-B82B-BA93CEAA8699}.Release|ARM.ActiveCfg = Release|Any CPU
		{7369EF23-8696-4546-B82B-BA93CEAA8699}.Release|ARM.Build.0 = Release|Any CPU
		{7369EF23-8696-4546-B82B-BA93CEAA8699}.Release|ARM.Deploy.0 = Release|Any CPU
		{7369EF23-8696-4546-B82B-BA93CEAA8699}.Release|iPhone.ActiveCfg = Release|Any CPU
		{7369EF23-8696-4546-B82B-BA93CEAA8699}.Release|iPhone.Build.0 = Release|Any CPU
		{7369EF23-8696-4546-B82B-BA93CEAA8699}.Release|iPhone.Deploy.0 = Release|Any CPU
		{7369EF23-8696-4546-B82B-BA93CEAA8699}.Release|iPhoneSimulator.ActiveCfg = Release|Any CPU
		{7369EF23-8696-4546-B82B-BA93CEAA8699}.Release|iPhoneSimulator.Build.0 = Release|Any CPU
		{7369EF23-8696-4546-B82B-BA93CEAA8699}.Release|iPhoneSimulator.Deploy.0 = Release|Any CPU
		{7369EF23-8696-4546-B82B-BA93CEAA8699}.Release|x64.ActiveCfg = Release|Any CPU
		{7369EF23-8696-4546-B82B-BA93CEAA8699}.Release|x64.Build.0 = Release|Any CPU
		{7369EF23-8696-4546-B82B-BA93CEAA8699}.Release|x64.Deploy.0 = Release|Any CPU
		{7369EF23-8696-4546-B82B-BA93CEAA8699}.Release|x86.ActiveCfg = Release|Any CPU
		{7369EF23-8696-4546-B82B-BA93CEAA8699}.Release|x86.Build.0 = Release|Any CPU
		{7369EF23-8696-4546-B82B-BA93CEAA8699}.Release|x86.Deploy.0 = Release|Any CPU
		{28BA9BA7-B0BB-44F8-A92B-92398B897EDC}.Ad-Hoc|Any CPU.ActiveCfg = Ad-Hoc|iPhone
		{28BA9BA7-B0BB-44F8-A92B-92398B897EDC}.Ad-Hoc|ARM.ActiveCfg = Ad-Hoc|iPhone
		{28BA9BA7-B0BB-44F8-A92B-92398B897EDC}.Ad-Hoc|iPhone.ActiveCfg = Ad-Hoc|iPhone
		{28BA9BA7-B0BB-44F8-A92B-92398B897EDC}.Ad-Hoc|iPhone.Build.0 = Ad-Hoc|iPhone
		{28BA9BA7-B0BB-44F8-A92B-92398B897EDC}.Ad-Hoc|iPhoneSimulator.ActiveCfg = Ad-Hoc|iPhoneSimulator
		{28BA9BA7-B0BB-44F8-A92B-92398B897EDC}.Ad-Hoc|iPhoneSimulator.Build.0 = Ad-Hoc|iPhoneSimulator
		{28BA9BA7-B0BB-44F8-A92B-92398B897EDC}.Ad-Hoc|x64.ActiveCfg = Ad-Hoc|iPhone
		{28BA9BA7-B0BB-44F8-A92B-92398B897EDC}.Ad-Hoc|x86.ActiveCfg = Ad-Hoc|iPhone
		{28BA9BA7-B0BB-44F8-A92B-92398B897EDC}.AppStore|Any CPU.ActiveCfg = AppStore|iPhone
		{28BA9BA7-B0BB-44F8-A92B-92398B897EDC}.AppStore|ARM.ActiveCfg = AppStore|iPhone
		{28BA9BA7-B0BB-44F8-A92B-92398B897EDC}.AppStore|iPhone.ActiveCfg = AppStore|iPhone
		{28BA9BA7-B0BB-44F8-A92B-92398B897EDC}.AppStore|iPhone.Build.0 = AppStore|iPhone
		{28BA9BA7-B0BB-44F8-A92B-92398B897EDC}.AppStore|iPhoneSimulator.ActiveCfg = AppStore|iPhoneSimulator
		{28BA9BA7-B0BB-44F8-A92B-92398B897EDC}.AppStore|iPhoneSimulator.Build.0 = AppStore|iPhoneSimulator
		{28BA9BA7-B0BB-44F8-A92B-92398B897EDC}.AppStore|x64.ActiveCfg = AppStore|iPhone
		{28BA9BA7-B0BB-44F8-A92B-92398B897EDC}.AppStore|x86.ActiveCfg = AppStore|iPhone
		{28BA9BA7-B0BB-44F8-A92B-92398B897EDC}.Debug|Any CPU.ActiveCfg = Debug|iPhone
		{28BA9BA7-B0BB-44F8-A92B-92398B897EDC}.Debug|ARM.ActiveCfg = Debug|iPhone
		{28BA9BA7-B0BB-44F8-A92B-92398B897EDC}.Debug|iPhone.ActiveCfg = Debug|iPhone
		{28BA9BA7-B0BB-44F8-A92B-92398B897EDC}.Debug|iPhone.Build.0 = Debug|iPhone
		{28BA9BA7-B0BB-44F8-A92B-92398B897EDC}.Debug|iPhoneSimulator.ActiveCfg = Debug|iPhoneSimulator
		{28BA9BA7-B0BB-44F8-A92B-92398B897EDC}.Debug|iPhoneSimulator.Build.0 = Debug|iPhoneSimulator
		{28BA9BA7-B0BB-44F8-A92B-92398B897EDC}.Debug|x64.ActiveCfg = Debug|iPhone
		{28BA9BA7-B0BB-44F8-A92B-92398B897EDC}.Debug|x86.ActiveCfg = Debug|iPhone
		{28BA9BA7-B0BB-44F8-A92B-92398B897EDC}.Release|Any CPU.ActiveCfg = Release|iPhone
		{28BA9BA7-B0BB-44F8-A92B-92398B897EDC}.Release|ARM.ActiveCfg = Release|iPhone
		{28BA9BA7-B0BB-44F8-A92B-92398B897EDC}.Release|iPhone.ActiveCfg = Release|iPhone
		{28BA9BA7-B0BB-44F8-A92B-92398B897EDC}.Release|iPhone.Build.0 = Release|iPhone
		{28BA9BA7-B0BB-44F8-A92B-92398B897EDC}.Release|iPhoneSimulator.ActiveCfg = Release|iPhoneSimulator
		{28BA9BA7-B0BB-44F8-A92B-92398B897EDC}.Release|iPhoneSimulator.Build.0 = Release|iPhoneSimulator
		{28BA9BA7-B0BB-44F8-A92B-92398B897EDC}.Release|x64.ActiveCfg = Release|iPhone
		{28BA9BA7-B0BB-44F8-A92B-92398B897EDC}.Release|x86.ActiveCfg = Release|iPhone
		{7CDEAD6D-F0AD-4729-83B4-F6AD1CFC58CC}.Ad-Hoc|Any CPU.ActiveCfg = Release|Any CPU
		{7CDEAD6D-F0AD-4729-83B4-F6AD1CFC58CC}.Ad-Hoc|Any CPU.Build.0 = Release|Any CPU
		{7CDEAD6D-F0AD-4729-83B4-F6AD1CFC58CC}.Ad-Hoc|Any CPU.Deploy.0 = Release|Any CPU
		{7CDEAD6D-F0AD-4729-83B4-F6AD1CFC58CC}.Ad-Hoc|ARM.ActiveCfg = Release|ARM
		{7CDEAD6D-F0AD-4729-83B4-F6AD1CFC58CC}.Ad-Hoc|ARM.Build.0 = Release|ARM
		{7CDEAD6D-F0AD-4729-83B4-F6AD1CFC58CC}.Ad-Hoc|ARM.Deploy.0 = Release|ARM
		{7CDEAD6D-F0AD-4729-83B4-F6AD1CFC58CC}.Ad-Hoc|iPhone.ActiveCfg = Release|Any CPU
		{7CDEAD6D-F0AD-4729-83B4-F6AD1CFC58CC}.Ad-Hoc|iPhone.Build.0 = Release|Any CPU
		{7CDEAD6D-F0AD-4729-83B4-F6AD1CFC58CC}.Ad-Hoc|iPhone.Deploy.0 = Release|Any CPU
		{7CDEAD6D-F0AD-4729-83B4-F6AD1CFC58CC}.Ad-Hoc|iPhoneSimulator.ActiveCfg = Release|Any CPU
		{7CDEAD6D-F0AD-4729-83B4-F6AD1CFC58CC}.Ad-Hoc|iPhoneSimulator.Build.0 = Release|Any CPU
		{7CDEAD6D-F0AD-4729-83B4-F6AD1CFC58CC}.Ad-Hoc|iPhoneSimulator.Deploy.0 = Release|Any CPU
		{7CDEAD6D-F0AD-4729-83B4-F6AD1CFC58CC}.Ad-Hoc|x64.ActiveCfg = Release|Any CPU
		{7CDEAD6D-F0AD-4729-83B4-F6AD1CFC58CC}.Ad-Hoc|x64.Build.0 = Release|Any CPU
		{7CDEAD6D-F0AD-4729-83B4-F6AD1CFC58CC}.Ad-Hoc|x64.Deploy.0 = Release|Any CPU
		{7CDEAD6D-F0AD-4729-83B4-F6AD1CFC58CC}.Ad-Hoc|x86.ActiveCfg = Release|x86
		{7CDEAD6D-F0AD-4729-83B4-F6AD1CFC58CC}.Ad-Hoc|x86.Build.0 = Release|x86
		{7CDEAD6D-F0AD-4729-83B4-F6AD1CFC58CC}.Ad-Hoc|x86.Deploy.0 = Release|x86
		{7CDEAD6D-F0AD-4729-83B4-F6AD1CFC58CC}.AppStore|Any CPU.ActiveCfg = Release|Any CPU
		{7CDEAD6D-F0AD-4729-83B4-F6AD1CFC58CC}.AppStore|Any CPU.Build.0 = Release|Any CPU
		{7CDEAD6D-F0AD-4729-83B4-F6AD1CFC58CC}.AppStore|Any CPU.Deploy.0 = Release|Any CPU
		{7CDEAD6D-F0AD-4729-83B4-F6AD1CFC58CC}.AppStore|ARM.ActiveCfg = Release|ARM
		{7CDEAD6D-F0AD-4729-83B4-F6AD1CFC58CC}.AppStore|ARM.Build.0 = Release|ARM
		{7CDEAD6D-F0AD-4729-83B4-F6AD1CFC58CC}.AppStore|ARM.Deploy.0 = Release|ARM
		{7CDEAD6D-F0AD-4729-83B4-F6AD1CFC58CC}.AppStore|iPhone.ActiveCfg = Release|Any CPU
		{7CDEAD6D-F0AD-4729-83B4-F6AD1CFC58CC}.AppStore|iPhone.Build.0 = Release|Any CPU
		{7CDEAD6D-F0AD-4729-83B4-F6AD1CFC58CC}.AppStore|iPhone.Deploy.0 = Release|Any CPU
		{7CDEAD6D-F0AD-4729-83B4-F6AD1CFC58CC}.AppStore|iPhoneSimulator.ActiveCfg = Release|Any CPU
		{7CDEAD6D-F0AD-4729-83B4-F6AD1CFC58CC}.AppStore|iPhoneSimulator.Build.0 = Release|Any CPU
		{7CDEAD6D-F0AD-4729-83B4-F6AD1CFC58CC}.AppStore|iPhoneSimulator.Deploy.0 = Release|Any CPU
		{7CDEAD6D-F0AD-4729-83B4-F6AD1CFC58CC}.AppStore|x64.ActiveCfg = Release|Any CPU
		{7CDEAD6D-F0AD-4729-83B4-F6AD1CFC58CC}.AppStore|x64.Build.0 = Release|Any CPU
		{7CDEAD6D-F0AD-4729-83B4-F6AD1CFC58CC}.AppStore|x64.Deploy.0 = Release|Any CPU
		{7CDEAD6D-F0AD-4729-83B4-F6AD1CFC58CC}.AppStore|x86.ActiveCfg = Release|x86
		{7CDEAD6D-F0AD-4729-83B4-F6AD1CFC58CC}.AppStore|x86.Build.0 = Release|x86
		{7CDEAD6D-F0AD-4729-83B4-F6AD1CFC58CC}.AppStore|x86.Deploy.0 = Release|x86
		{7CDEAD6D-F0AD-4729-83B4-F6AD1CFC58CC}.Debug|Any CPU.ActiveCfg = Debug|Any CPU
		{7CDEAD6D-F0AD-4729-83B4-F6AD1CFC58CC}.Debug|Any CPU.Build.0 = Debug|Any CPU
		{7CDEAD6D-F0AD-4729-83B4-F6AD1CFC58CC}.Debug|Any CPU.Deploy.0 = Debug|Any CPU
		{7CDEAD6D-F0AD-4729-83B4-F6AD1CFC58CC}.Debug|ARM.ActiveCfg = Debug|ARM
		{7CDEAD6D-F0AD-4729-83B4-F6AD1CFC58CC}.Debug|ARM.Build.0 = Debug|ARM
		{7CDEAD6D-F0AD-4729-83B4-F6AD1CFC58CC}.Debug|ARM.Deploy.0 = Debug|ARM
		{7CDEAD6D-F0AD-4729-83B4-F6AD1CFC58CC}.Debug|iPhone.ActiveCfg = Debug|Any CPU
		{7CDEAD6D-F0AD-4729-83B4-F6AD1CFC58CC}.Debug|iPhone.Build.0 = Debug|Any CPU
		{7CDEAD6D-F0AD-4729-83B4-F6AD1CFC58CC}.Debug|iPhone.Deploy.0 = Debug|Any CPU
		{7CDEAD6D-F0AD-4729-83B4-F6AD1CFC58CC}.Debug|iPhoneSimulator.ActiveCfg = Debug|Any CPU
		{7CDEAD6D-F0AD-4729-83B4-F6AD1CFC58CC}.Debug|iPhoneSimulator.Build.0 = Debug|Any CPU
		{7CDEAD6D-F0AD-4729-83B4-F6AD1CFC58CC}.Debug|iPhoneSimulator.Deploy.0 = Debug|Any CPU
		{7CDEAD6D-F0AD-4729-83B4-F6AD1CFC58CC}.Debug|x64.ActiveCfg = Debug|Any CPU
		{7CDEAD6D-F0AD-4729-83B4-F6AD1CFC58CC}.Debug|x64.Build.0 = Debug|Any CPU
		{7CDEAD6D-F0AD-4729-83B4-F6AD1CFC58CC}.Debug|x64.Deploy.0 = Debug|Any CPU
		{7CDEAD6D-F0AD-4729-83B4-F6AD1CFC58CC}.Debug|x86.ActiveCfg = Debug|x86
		{7CDEAD6D-F0AD-4729-83B4-F6AD1CFC58CC}.Debug|x86.Build.0 = Debug|x86
		{7CDEAD6D-F0AD-4729-83B4-F6AD1CFC58CC}.Debug|x86.Deploy.0 = Debug|x86
		{7CDEAD6D-F0AD-4729-83B4-F6AD1CFC58CC}.Release|Any CPU.ActiveCfg = Release|Any CPU
		{7CDEAD6D-F0AD-4729-83B4-F6AD1CFC58CC}.Release|Any CPU.Build.0 = Release|Any CPU
		{7CDEAD6D-F0AD-4729-83B4-F6AD1CFC58CC}.Release|Any CPU.Deploy.0 = Release|Any CPU
		{7CDEAD6D-F0AD-4729-83B4-F6AD1CFC58CC}.Release|ARM.ActiveCfg = Release|ARM
		{7CDEAD6D-F0AD-4729-83B4-F6AD1CFC58CC}.Release|ARM.Build.0 = Release|ARM
		{7CDEAD6D-F0AD-4729-83B4-F6AD1CFC58CC}.Release|ARM.Deploy.0 = Release|ARM
		{7CDEAD6D-F0AD-4729-83B4-F6AD1CFC58CC}.Release|iPhone.ActiveCfg = Release|Any CPU
		{7CDEAD6D-F0AD-4729-83B4-F6AD1CFC58CC}.Release|iPhone.Build.0 = Release|Any CPU
		{7CDEAD6D-F0AD-4729-83B4-F6AD1CFC58CC}.Release|iPhone.Deploy.0 = Release|Any CPU
		{7CDEAD6D-F0AD-4729-83B4-F6AD1CFC58CC}.Release|iPhoneSimulator.ActiveCfg = Release|Any CPU
		{7CDEAD6D-F0AD-4729-83B4-F6AD1CFC58CC}.Release|iPhoneSimulator.Build.0 = Release|Any CPU
		{7CDEAD6D-F0AD-4729-83B4-F6AD1CFC58CC}.Release|iPhoneSimulator.Deploy.0 = Release|Any CPU
		{7CDEAD6D-F0AD-4729-83B4-F6AD1CFC58CC}.Release|x64.ActiveCfg = Release|Any CPU
		{7CDEAD6D-F0AD-4729-83B4-F6AD1CFC58CC}.Release|x64.Build.0 = Release|Any CPU
		{7CDEAD6D-F0AD-4729-83B4-F6AD1CFC58CC}.Release|x64.Deploy.0 = Release|Any CPU
		{7CDEAD6D-F0AD-4729-83B4-F6AD1CFC58CC}.Release|x86.ActiveCfg = Release|x86
		{7CDEAD6D-F0AD-4729-83B4-F6AD1CFC58CC}.Release|x86.Build.0 = Release|x86
		{7CDEAD6D-F0AD-4729-83B4-F6AD1CFC58CC}.Release|x86.Deploy.0 = Release|x86
		{9548C0AC-8CCE-40D8-9B00-DCAD0A9F2950}.Ad-Hoc|Any CPU.ActiveCfg = Release|x86
		{9548C0AC-8CCE-40D8-9B00-DCAD0A9F2950}.Ad-Hoc|Any CPU.Build.0 = Release|x86
		{9548C0AC-8CCE-40D8-9B00-DCAD0A9F2950}.Ad-Hoc|Any CPU.Deploy.0 = Release|x86
		{9548C0AC-8CCE-40D8-9B00-DCAD0A9F2950}.Ad-Hoc|ARM.ActiveCfg = Release|ARM
		{9548C0AC-8CCE-40D8-9B00-DCAD0A9F2950}.Ad-Hoc|ARM.Build.0 = Release|ARM
		{9548C0AC-8CCE-40D8-9B00-DCAD0A9F2950}.Ad-Hoc|ARM.Deploy.0 = Release|ARM
		{9548C0AC-8CCE-40D8-9B00-DCAD0A9F2950}.Ad-Hoc|iPhone.ActiveCfg = Release|x86
		{9548C0AC-8CCE-40D8-9B00-DCAD0A9F2950}.Ad-Hoc|iPhone.Build.0 = Release|x86
		{9548C0AC-8CCE-40D8-9B00-DCAD0A9F2950}.Ad-Hoc|iPhone.Deploy.0 = Release|x86
		{9548C0AC-8CCE-40D8-9B00-DCAD0A9F2950}.Ad-Hoc|iPhoneSimulator.ActiveCfg = Release|x86
		{9548C0AC-8CCE-40D8-9B00-DCAD0A9F2950}.Ad-Hoc|iPhoneSimulator.Build.0 = Release|x86
		{9548C0AC-8CCE-40D8-9B00-DCAD0A9F2950}.Ad-Hoc|iPhoneSimulator.Deploy.0 = Release|x86
		{9548C0AC-8CCE-40D8-9B00-DCAD0A9F2950}.Ad-Hoc|x64.ActiveCfg = Release|x64
		{9548C0AC-8CCE-40D8-9B00-DCAD0A9F2950}.Ad-Hoc|x64.Build.0 = Release|x64
		{9548C0AC-8CCE-40D8-9B00-DCAD0A9F2950}.Ad-Hoc|x64.Deploy.0 = Release|x64
		{9548C0AC-8CCE-40D8-9B00-DCAD0A9F2950}.Ad-Hoc|x86.ActiveCfg = Release|x86
		{9548C0AC-8CCE-40D8-9B00-DCAD0A9F2950}.Ad-Hoc|x86.Build.0 = Release|x86
		{9548C0AC-8CCE-40D8-9B00-DCAD0A9F2950}.Ad-Hoc|x86.Deploy.0 = Release|x86
		{9548C0AC-8CCE-40D8-9B00-DCAD0A9F2950}.AppStore|Any CPU.ActiveCfg = Release|x86
		{9548C0AC-8CCE-40D8-9B00-DCAD0A9F2950}.AppStore|Any CPU.Build.0 = Release|x86
		{9548C0AC-8CCE-40D8-9B00-DCAD0A9F2950}.AppStore|Any CPU.Deploy.0 = Release|x86
		{9548C0AC-8CCE-40D8-9B00-DCAD0A9F2950}.AppStore|ARM.ActiveCfg = Release|ARM
		{9548C0AC-8CCE-40D8-9B00-DCAD0A9F2950}.AppStore|ARM.Build.0 = Release|ARM
		{9548C0AC-8CCE-40D8-9B00-DCAD0A9F2950}.AppStore|ARM.Deploy.0 = Release|ARM
		{9548C0AC-8CCE-40D8-9B00-DCAD0A9F2950}.AppStore|iPhone.ActiveCfg = Release|x86
		{9548C0AC-8CCE-40D8-9B00-DCAD0A9F2950}.AppStore|iPhone.Build.0 = Release|x86
		{9548C0AC-8CCE-40D8-9B00-DCAD0A9F2950}.AppStore|iPhone.Deploy.0 = Release|x86
		{9548C0AC-8CCE-40D8-9B00-DCAD0A9F2950}.AppStore|iPhoneSimulator.ActiveCfg = Release|x86
		{9548C0AC-8CCE-40D8-9B00-DCAD0A9F2950}.AppStore|iPhoneSimulator.Build.0 = Release|x86
		{9548C0AC-8CCE-40D8-9B00-DCAD0A9F2950}.AppStore|iPhoneSimulator.Deploy.0 = Release|x86
		{9548C0AC-8CCE-40D8-9B00-DCAD0A9F2950}.AppStore|x64.ActiveCfg = Release|x64
		{9548C0AC-8CCE-40D8-9B00-DCAD0A9F2950}.AppStore|x64.Build.0 = Release|x64
		{9548C0AC-8CCE-40D8-9B00-DCAD0A9F2950}.AppStore|x64.Deploy.0 = Release|x64
		{9548C0AC-8CCE-40D8-9B00-DCAD0A9F2950}.AppStore|x86.ActiveCfg = Release|x86
		{9548C0AC-8CCE-40D8-9B00-DCAD0A9F2950}.AppStore|x86.Build.0 = Release|x86
		{9548C0AC-8CCE-40D8-9B00-DCAD0A9F2950}.AppStore|x86.Deploy.0 = Release|x86
		{9548C0AC-8CCE-40D8-9B00-DCAD0A9F2950}.Debug|Any CPU.ActiveCfg = Debug|x86
		{9548C0AC-8CCE-40D8-9B00-DCAD0A9F2950}.Debug|ARM.ActiveCfg = Debug|ARM
		{9548C0AC-8CCE-40D8-9B00-DCAD0A9F2950}.Debug|ARM.Build.0 = Debug|ARM
		{9548C0AC-8CCE-40D8-9B00-DCAD0A9F2950}.Debug|ARM.Deploy.0 = Debug|ARM
		{9548C0AC-8CCE-40D8-9B00-DCAD0A9F2950}.Debug|iPhone.ActiveCfg = Debug|x86
		{9548C0AC-8CCE-40D8-9B00-DCAD0A9F2950}.Debug|iPhoneSimulator.ActiveCfg = Debug|x86
		{9548C0AC-8CCE-40D8-9B00-DCAD0A9F2950}.Debug|x64.ActiveCfg = Debug|x64
		{9548C0AC-8CCE-40D8-9B00-DCAD0A9F2950}.Debug|x64.Build.0 = Debug|x64
		{9548C0AC-8CCE-40D8-9B00-DCAD0A9F2950}.Debug|x64.Deploy.0 = Debug|x64
		{9548C0AC-8CCE-40D8-9B00-DCAD0A9F2950}.Debug|x86.ActiveCfg = Debug|x86
		{9548C0AC-8CCE-40D8-9B00-DCAD0A9F2950}.Debug|x86.Build.0 = Debug|x86
		{9548C0AC-8CCE-40D8-9B00-DCAD0A9F2950}.Debug|x86.Deploy.0 = Debug|x86
		{9548C0AC-8CCE-40D8-9B00-DCAD0A9F2950}.Release|Any CPU.ActiveCfg = Release|x86
		{9548C0AC-8CCE-40D8-9B00-DCAD0A9F2950}.Release|ARM.ActiveCfg = Release|ARM
		{9548C0AC-8CCE-40D8-9B00-DCAD0A9F2950}.Release|ARM.Build.0 = Release|ARM
		{9548C0AC-8CCE-40D8-9B00-DCAD0A9F2950}.Release|ARM.Deploy.0 = Release|ARM
		{9548C0AC-8CCE-40D8-9B00-DCAD0A9F2950}.Release|iPhone.ActiveCfg = Release|x86
		{9548C0AC-8CCE-40D8-9B00-DCAD0A9F2950}.Release|iPhoneSimulator.ActiveCfg = Release|x86
		{9548C0AC-8CCE-40D8-9B00-DCAD0A9F2950}.Release|x64.ActiveCfg = Release|x64
		{9548C0AC-8CCE-40D8-9B00-DCAD0A9F2950}.Release|x64.Build.0 = Release|x64
		{9548C0AC-8CCE-40D8-9B00-DCAD0A9F2950}.Release|x64.Deploy.0 = Release|x64
		{9548C0AC-8CCE-40D8-9B00-DCAD0A9F2950}.Release|x86.ActiveCfg = Release|x86
		{9548C0AC-8CCE-40D8-9B00-DCAD0A9F2950}.Release|x86.Build.0 = Release|x86
		{9548C0AC-8CCE-40D8-9B00-DCAD0A9F2950}.Release|x86.Deploy.0 = Release|x86
		{9094BEF1-F554-4A97-B87B-EB9397323E70}.Ad-Hoc|Any CPU.ActiveCfg = Release|Any CPU
		{9094BEF1-F554-4A97-B87B-EB9397323E70}.Ad-Hoc|Any CPU.Build.0 = Release|Any CPU
		{9094BEF1-F554-4A97-B87B-EB9397323E70}.Ad-Hoc|Any CPU.Deploy.0 = Release|Any CPU
		{9094BEF1-F554-4A97-B87B-EB9397323E70}.Ad-Hoc|ARM.ActiveCfg = Release|ARM
		{9094BEF1-F554-4A97-B87B-EB9397323E70}.Ad-Hoc|ARM.Build.0 = Release|ARM
		{9094BEF1-F554-4A97-B87B-EB9397323E70}.Ad-Hoc|ARM.Deploy.0 = Release|ARM
		{9094BEF1-F554-4A97-B87B-EB9397323E70}.Ad-Hoc|iPhone.ActiveCfg = Release|Any CPU
		{9094BEF1-F554-4A97-B87B-EB9397323E70}.Ad-Hoc|iPhone.Build.0 = Release|Any CPU
		{9094BEF1-F554-4A97-B87B-EB9397323E70}.Ad-Hoc|iPhone.Deploy.0 = Release|Any CPU
		{9094BEF1-F554-4A97-B87B-EB9397323E70}.Ad-Hoc|iPhoneSimulator.ActiveCfg = Release|Any CPU
		{9094BEF1-F554-4A97-B87B-EB9397323E70}.Ad-Hoc|iPhoneSimulator.Build.0 = Release|Any CPU
		{9094BEF1-F554-4A97-B87B-EB9397323E70}.Ad-Hoc|iPhoneSimulator.Deploy.0 = Release|Any CPU
		{9094BEF1-F554-4A97-B87B-EB9397323E70}.Ad-Hoc|x64.ActiveCfg = Release|x64
		{9094BEF1-F554-4A97-B87B-EB9397323E70}.Ad-Hoc|x64.Build.0 = Release|x64
		{9094BEF1-F554-4A97-B87B-EB9397323E70}.Ad-Hoc|x64.Deploy.0 = Release|x64
		{9094BEF1-F554-4A97-B87B-EB9397323E70}.Ad-Hoc|x86.ActiveCfg = Release|x86
		{9094BEF1-F554-4A97-B87B-EB9397323E70}.Ad-Hoc|x86.Build.0 = Release|x86
		{9094BEF1-F554-4A97-B87B-EB9397323E70}.Ad-Hoc|x86.Deploy.0 = Release|x86
		{9094BEF1-F554-4A97-B87B-EB9397323E70}.AppStore|Any CPU.ActiveCfg = Release|Any CPU
		{9094BEF1-F554-4A97-B87B-EB9397323E70}.AppStore|Any CPU.Build.0 = Release|Any CPU
		{9094BEF1-F554-4A97-B87B-EB9397323E70}.AppStore|Any CPU.Deploy.0 = Release|Any CPU
		{9094BEF1-F554-4A97-B87B-EB9397323E70}.AppStore|ARM.ActiveCfg = Release|ARM
		{9094BEF1-F554-4A97-B87B-EB9397323E70}.AppStore|ARM.Build.0 = Release|ARM
		{9094BEF1-F554-4A97-B87B-EB9397323E70}.AppStore|ARM.Deploy.0 = Release|ARM
		{9094BEF1-F554-4A97-B87B-EB9397323E70}.AppStore|iPhone.ActiveCfg = Release|Any CPU
		{9094BEF1-F554-4A97-B87B-EB9397323E70}.AppStore|iPhone.Build.0 = Release|Any CPU
		{9094BEF1-F554-4A97-B87B-EB9397323E70}.AppStore|iPhone.Deploy.0 = Release|Any CPU
		{9094BEF1-F554-4A97-B87B-EB9397323E70}.AppStore|iPhoneSimulator.ActiveCfg = Release|Any CPU
		{9094BEF1-F554-4A97-B87B-EB9397323E70}.AppStore|iPhoneSimulator.Build.0 = Release|Any CPU
		{9094BEF1-F554-4A97-B87B-EB9397323E70}.AppStore|iPhoneSimulator.Deploy.0 = Release|Any CPU
		{9094BEF1-F554-4A97-B87B-EB9397323E70}.AppStore|x64.ActiveCfg = Release|x64
		{9094BEF1-F554-4A97-B87B-EB9397323E70}.AppStore|x64.Build.0 = Release|x64
		{9094BEF1-F554-4A97-B87B-EB9397323E70}.AppStore|x64.Deploy.0 = Release|x64
		{9094BEF1-F554-4A97-B87B-EB9397323E70}.AppStore|x86.ActiveCfg = Release|x86
		{9094BEF1-F554-4A97-B87B-EB9397323E70}.AppStore|x86.Build.0 = Release|x86
		{9094BEF1-F554-4A97-B87B-EB9397323E70}.AppStore|x86.Deploy.0 = Release|x86
		{9094BEF1-F554-4A97-B87B-EB9397323E70}.Debug|Any CPU.ActiveCfg = Debug|Any CPU
		{9094BEF1-F554-4A97-B87B-EB9397323E70}.Debug|Any CPU.Build.0 = Debug|Any CPU
		{9094BEF1-F554-4A97-B87B-EB9397323E70}.Debug|Any CPU.Deploy.0 = Debug|Any CPU
		{9094BEF1-F554-4A97-B87B-EB9397323E70}.Debug|ARM.ActiveCfg = Debug|ARM
		{9094BEF1-F554-4A97-B87B-EB9397323E70}.Debug|ARM.Build.0 = Debug|ARM
		{9094BEF1-F554-4A97-B87B-EB9397323E70}.Debug|ARM.Deploy.0 = Debug|ARM
		{9094BEF1-F554-4A97-B87B-EB9397323E70}.Debug|iPhone.ActiveCfg = Debug|Any CPU
		{9094BEF1-F554-4A97-B87B-EB9397323E70}.Debug|iPhone.Build.0 = Debug|Any CPU
		{9094BEF1-F554-4A97-B87B-EB9397323E70}.Debug|iPhone.Deploy.0 = Debug|Any CPU
		{9094BEF1-F554-4A97-B87B-EB9397323E70}.Debug|iPhoneSimulator.ActiveCfg = Debug|Any CPU
		{9094BEF1-F554-4A97-B87B-EB9397323E70}.Debug|iPhoneSimulator.Build.0 = Debug|Any CPU
		{9094BEF1-F554-4A97-B87B-EB9397323E70}.Debug|iPhoneSimulator.Deploy.0 = Debug|Any CPU
		{9094BEF1-F554-4A97-B87B-EB9397323E70}.Debug|x64.ActiveCfg = Debug|x64
		{9094BEF1-F554-4A97-B87B-EB9397323E70}.Debug|x64.Build.0 = Debug|x64
		{9094BEF1-F554-4A97-B87B-EB9397323E70}.Debug|x64.Deploy.0 = Debug|x64
		{9094BEF1-F554-4A97-B87B-EB9397323E70}.Debug|x86.ActiveCfg = Debug|x86
		{9094BEF1-F554-4A97-B87B-EB9397323E70}.Debug|x86.Build.0 = Debug|x86
		{9094BEF1-F554-4A97-B87B-EB9397323E70}.Debug|x86.Deploy.0 = Debug|x86
		{9094BEF1-F554-4A97-B87B-EB9397323E70}.Release|Any CPU.ActiveCfg = Release|Any CPU
		{9094BEF1-F554-4A97-B87B-EB9397323E70}.Release|Any CPU.Build.0 = Release|Any CPU
		{9094BEF1-F554-4A97-B87B-EB9397323E70}.Release|Any CPU.Deploy.0 = Release|Any CPU
		{9094BEF1-F554-4A97-B87B-EB9397323E70}.Release|ARM.ActiveCfg = Release|ARM
		{9094BEF1-F554-4A97-B87B-EB9397323E70}.Release|ARM.Build.0 = Release|ARM
		{9094BEF1-F554-4A97-B87B-EB9397323E70}.Release|ARM.Deploy.0 = Release|ARM
		{9094BEF1-F554-4A97-B87B-EB9397323E70}.Release|iPhone.ActiveCfg = Release|Any CPU
		{9094BEF1-F554-4A97-B87B-EB9397323E70}.Release|iPhone.Build.0 = Release|Any CPU
		{9094BEF1-F554-4A97-B87B-EB9397323E70}.Release|iPhone.Deploy.0 = Release|Any CPU
		{9094BEF1-F554-4A97-B87B-EB9397323E70}.Release|iPhoneSimulator.ActiveCfg = Release|Any CPU
		{9094BEF1-F554-4A97-B87B-EB9397323E70}.Release|iPhoneSimulator.Build.0 = Release|Any CPU
		{9094BEF1-F554-4A97-B87B-EB9397323E70}.Release|iPhoneSimulator.Deploy.0 = Release|Any CPU
		{9094BEF1-F554-4A97-B87B-EB9397323E70}.Release|x64.ActiveCfg = Release|x64
		{9094BEF1-F554-4A97-B87B-EB9397323E70}.Release|x64.Build.0 = Release|x64
		{9094BEF1-F554-4A97-B87B-EB9397323E70}.Release|x64.Deploy.0 = Release|x64
		{9094BEF1-F554-4A97-B87B-EB9397323E70}.Release|x86.ActiveCfg = Release|x86
		{9094BEF1-F554-4A97-B87B-EB9397323E70}.Release|x86.Build.0 = Release|x86
		{9094BEF1-F554-4A97-B87B-EB9397323E70}.Release|x86.Deploy.0 = Release|x86
	EndGlobalSection
	GlobalSection(SolutionProperties) = preSolution
		HideSolutionNode = FALSE
	EndGlobalSection
EndGlobal
