
Microsoft Visual Studio Solution File, Format Version 12.00
# Visual Studio 14
VisualStudioVersion = 14.0.25420.1
MinimumVisualStudioVersion = 10.0.40219.1
Project("{FAE04EC0-301F-11D3-BF4B-00C04F79EFBC}") = "CPFormsXaml", "CPFormsXaml\CPFormsXaml\CPFormsXaml.csproj", "{4F4D72EF-5755-4C29-825A-CAE4F6143CBA}"
EndProject
Project("{FAE04EC0-301F-11D3-BF4B-00C04F79EFBC}") = "CPFormsXaml.Droid", "CPFormsXaml\CPFormsXaml.Droid\CPFormsXaml.Droid.csproj", "{DC9578FA-61FD-4F57-A6C7-8D3DD6E32F82}"
EndProject
Project("{FAE04EC0-301F-11D3-BF4B-00C04F79EFBC}") = "CPFormsXaml.iOS", "CPFormsXaml\CPFormsXaml.iOS\CPFormsXaml.iOS.csproj", "{E5AF1782-6FEA-4EEF-9BCB-4B1297B1619F}"
EndProject
Project("{FAE04EC0-301F-11D3-BF4B-00C04F79EFBC}") = "CPFormsXaml.WinPhone", "CPFormsXaml\CPFormsXaml.WinPhone\CPFormsXaml.WinPhone.csproj", "{DDB81929-B19E-4C5A-9FB9-0A72F10D1EAF}"
EndProject
Project("{FAE04EC0-301F-11D3-BF4B-00C04F79EFBC}") = "CPFormsXaml.UWP", "CPFormsXaml\CPFormsXaml.UWP\CPFormsXaml.UWP.csproj", "{E9DCACCF-DF85-4A19-B043-A0EC00CE05AD}"
EndProject
Project("{FAE04EC0-301F-11D3-BF4B-00C04F79EFBC}") = "CPFormsXaml.Windows", "CPFormsXaml\CPFormsXaml.Windows\CPFormsXaml.Windows.csproj", "{9BE67903-9441-4B7F-919F-830185B60302}"
EndProject
Global
	GlobalSection(SolutionConfigurationPlatforms) = preSolution
		Ad-Hoc|Any CPU = Ad-Hoc|Any CPU
		Ad-Hoc|ARM = Ad-Hoc|ARM
		Ad-Hoc|iPhone = Ad-Hoc|iPhone
		Ad-Hoc|iPhoneSimulator = Ad-Hoc|iPhoneSimulator
		Ad-Hoc|x64 = Ad-Hoc|x64
		Ad-Hoc|x86 = Ad-Hoc|x86
		AppStore|Any CPU = AppStore|Any CPU
		AppStore|ARM = AppStore|ARM
		AppStore|iPhone = AppStore|iPhone
		AppStore|iPhoneSimulator = AppStore|iPhoneSimulator
		AppStore|x64 = AppStore|x64
		AppStore|x86 = AppStore|x86
		Debug|Any CPU = Debug|Any CPU
		Debug|ARM = Debug|ARM
		Debug|iPhone = Debug|iPhone
		Debug|iPhoneSimulator = Debug|iPhoneSimulator
		Debug|x64 = Debug|x64
		Debug|x86 = Debug|x86
		Release|Any CPU = Release|Any CPU
		Release|ARM = Release|ARM
		Release|iPhone = Release|iPhone
		Release|iPhoneSimulator = Release|iPhoneSimulator
		Release|x64 = Release|x64
		Release|x86 = Release|x86
	EndGlobalSection
	GlobalSection(ProjectConfigurationPlatforms) = postSolution
		{4F4D72EF-5755-4C29-825A-CAE4F6143CBA}.Ad-Hoc|Any CPU.ActiveCfg = Release|Any CPU
		{4F4D72EF-5755-4C29-825A-CAE4F6143CBA}.Ad-Hoc|Any CPU.Build.0 = Release|Any CPU
		{4F4D72EF-5755-4C29-825A-CAE4F6143CBA}.Ad-Hoc|ARM.ActiveCfg = Release|Any CPU
		{4F4D72EF-5755-4C29-825A-CAE4F6143CBA}.Ad-Hoc|ARM.Build.0 = Release|Any CPU
		{4F4D72EF-5755-4C29-825A-CAE4F6143CBA}.Ad-Hoc|iPhone.ActiveCfg = Release|Any CPU
		{4F4D72EF-5755-4C29-825A-CAE4F6143CBA}.Ad-Hoc|iPhone.Build.0 = Release|Any CPU
		{4F4D72EF-5755-4C29-825A-CAE4F6143CBA}.Ad-Hoc|iPhoneSimulator.ActiveCfg = Release|Any CPU
		{4F4D72EF-5755-4C29-825A-CAE4F6143CBA}.Ad-Hoc|iPhoneSimulator.Build.0 = Release|Any CPU
		{4F4D72EF-5755-4C29-825A-CAE4F6143CBA}.Ad-Hoc|x64.ActiveCfg = Release|Any CPU
		{4F4D72EF-5755-4C29-825A-CAE4F6143CBA}.Ad-Hoc|x64.Build.0 = Release|Any CPU
		{4F4D72EF-5755-4C29-825A-CAE4F6143CBA}.Ad-Hoc|x86.ActiveCfg = Release|Any CPU
		{4F4D72EF-5755-4C29-825A-CAE4F6143CBA}.Ad-Hoc|x86.Build.0 = Release|Any CPU
		{4F4D72EF-5755-4C29-825A-CAE4F6143CBA}.AppStore|Any CPU.ActiveCfg = Release|Any CPU
		{4F4D72EF-5755-4C29-825A-CAE4F6143CBA}.AppStore|Any CPU.Build.0 = Release|Any CPU
		{4F4D72EF-5755-4C29-825A-CAE4F6143CBA}.AppStore|ARM.ActiveCfg = Release|Any CPU
		{4F4D72EF-5755-4C29-825A-CAE4F6143CBA}.AppStore|ARM.Build.0 = Release|Any CPU
		{4F4D72EF-5755-4C29-825A-CAE4F6143CBA}.AppStore|iPhone.ActiveCfg = Release|Any CPU
		{4F4D72EF-5755-4C29-825A-CAE4F6143CBA}.AppStore|iPhone.Build.0 = Release|Any CPU
		{4F4D72EF-5755-4C29-825A-CAE4F6143CBA}.AppStore|iPhoneSimulator.ActiveCfg = Release|Any CPU
		{4F4D72EF-5755-4C29-825A-CAE4F6143CBA}.AppStore|iPhoneSimulator.Build.0 = Release|Any CPU
		{4F4D72EF-5755-4C29-825A-CAE4F6143CBA}.AppStore|x64.ActiveCfg = Release|Any CPU
		{4F4D72EF-5755-4C29-825A-CAE4F6143CBA}.AppStore|x64.Build.0 = Release|Any CPU
		{4F4D72EF-5755-4C29-825A-CAE4F6143CBA}.AppStore|x86.ActiveCfg = Release|Any CPU
		{4F4D72EF-5755-4C29-825A-CAE4F6143CBA}.AppStore|x86.Build.0 = Release|Any CPU
		{4F4D72EF-5755-4C29-825A-CAE4F6143CBA}.Debug|Any CPU.ActiveCfg = Debug|Any CPU
		{4F4D72EF-5755-4C29-825A-CAE4F6143CBA}.Debug|Any CPU.Build.0 = Debug|Any CPU
		{4F4D72EF-5755-4C29-825A-CAE4F6143CBA}.Debug|ARM.ActiveCfg = Debug|Any CPU
		{4F4D72EF-5755-4C29-825A-CAE4F6143CBA}.Debug|ARM.Build.0 = Debug|Any CPU
		{4F4D72EF-5755-4C29-825A-CAE4F6143CBA}.Debug|iPhone.ActiveCfg = Debug|Any CPU
		{4F4D72EF-5755-4C29-825A-CAE4F6143CBA}.Debug|iPhone.Build.0 = Debug|Any CPU
		{4F4D72EF-5755-4C29-825A-CAE4F6143CBA}.Debug|iPhoneSimulator.ActiveCfg = Debug|Any CPU
		{4F4D72EF-5755-4C29-825A-CAE4F6143CBA}.Debug|iPhoneSimulator.Build.0 = Debug|Any CPU
		{4F4D72EF-5755-4C29-825A-CAE4F6143CBA}.Debug|x64.ActiveCfg = Debug|Any CPU
		{4F4D72EF-5755-4C29-825A-CAE4F6143CBA}.Debug|x64.Build.0 = Debug|Any CPU
		{4F4D72EF-5755-4C29-825A-CAE4F6143CBA}.Debug|x86.ActiveCfg = Debug|Any CPU
		{4F4D72EF-5755-4C29-825A-CAE4F6143CBA}.Debug|x86.Build.0 = Debug|Any CPU
		{4F4D72EF-5755-4C29-825A-CAE4F6143CBA}.Release|Any CPU.ActiveCfg = Release|Any CPU
		{4F4D72EF-5755-4C29-825A-CAE4F6143CBA}.Release|Any CPU.Build.0 = Release|Any CPU
		{4F4D72EF-5755-4C29-825A-CAE4F6143CBA}.Release|ARM.ActiveCfg = Release|Any CPU
		{4F4D72EF-5755-4C29-825A-CAE4F6143CBA}.Release|ARM.Build.0 = Release|Any CPU
		{4F4D72EF-5755-4C29-825A-CAE4F6143CBA}.Release|iPhone.ActiveCfg = Release|Any CPU
		{4F4D72EF-5755-4C29-825A-CAE4F6143CBA}.Release|iPhone.Build.0 = Release|Any CPU
		{4F4D72EF-5755-4C29-825A-CAE4F6143CBA}.Release|iPhoneSimulator.ActiveCfg = Release|Any CPU
		{4F4D72EF-5755-4C29-825A-CAE4F6143CBA}.Release|iPhoneSimulator.Build.0 = Release|Any CPU
		{4F4D72EF-5755-4C29-825A-CAE4F6143CBA}.Release|x64.ActiveCfg = Release|Any CPU
		{4F4D72EF-5755-4C29-825A-CAE4F6143CBA}.Release|x64.Build.0 = Release|Any CPU
		{4F4D72EF-5755-4C29-825A-CAE4F6143CBA}.Release|x86.ActiveCfg = Release|Any CPU
		{4F4D72EF-5755-4C29-825A-CAE4F6143CBA}.Release|x86.Build.0 = Release|Any CPU
		{DC9578FA-61FD-4F57-A6C7-8D3DD6E32F82}.Ad-Hoc|Any CPU.ActiveCfg = Release|Any CPU
		{DC9578FA-61FD-4F57-A6C7-8D3DD6E32F82}.Ad-Hoc|Any CPU.Build.0 = Release|Any CPU
		{DC9578FA-61FD-4F57-A6C7-8D3DD6E32F82}.Ad-Hoc|Any CPU.Deploy.0 = Release|Any CPU
		{DC9578FA-61FD-4F57-A6C7-8D3DD6E32F82}.Ad-Hoc|ARM.ActiveCfg = Release|Any CPU
		{DC9578FA-61FD-4F57-A6C7-8D3DD6E32F82}.Ad-Hoc|ARM.Build.0 = Release|Any CPU
		{DC9578FA-61FD-4F57-A6C7-8D3DD6E32F82}.Ad-Hoc|ARM.Deploy.0 = Release|Any CPU
		{DC9578FA-61FD-4F57-A6C7-8D3DD6E32F82}.Ad-Hoc|iPhone.ActiveCfg = Release|Any CPU
		{DC9578FA-61FD-4F57-A6C7-8D3DD6E32F82}.Ad-Hoc|iPhone.Build.0 = Release|Any CPU
		{DC9578FA-61FD-4F57-A6C7-8D3DD6E32F82}.Ad-Hoc|iPhone.Deploy.0 = Release|Any CPU
		{DC9578FA-61FD-4F57-A6C7-8D3DD6E32F82}.Ad-Hoc|iPhoneSimulator.ActiveCfg = Release|Any CPU
		{DC9578FA-61FD-4F57-A6C7-8D3DD6E32F82}.Ad-Hoc|iPhoneSimulator.Build.0 = Release|Any CPU
		{DC9578FA-61FD-4F57-A6C7-8D3DD6E32F82}.Ad-Hoc|iPhoneSimulator.Deploy.0 = Release|Any CPU
		{DC9578FA-61FD-4F57-A6C7-8D3DD6E32F82}.Ad-Hoc|x64.ActiveCfg = Release|Any CPU
		{DC9578FA-61FD-4F57-A6C7-8D3DD6E32F82}.Ad-Hoc|x64.Build.0 = Release|Any CPU
		{DC9578FA-61FD-4F57-A6C7-8D3DD6E32F82}.Ad-Hoc|x64.Deploy.0 = Release|Any CPU
		{DC9578FA-61FD-4F57-A6C7-8D3DD6E32F82}.Ad-Hoc|x86.ActiveCfg = Release|Any CPU
		{DC9578FA-61FD-4F57-A6C7-8D3DD6E32F82}.Ad-Hoc|x86.Build.0 = Release|Any CPU
		{DC9578FA-61FD-4F57-A6C7-8D3DD6E32F82}.Ad-Hoc|x86.Deploy.0 = Release|Any CPU
		{DC9578FA-61FD-4F57-A6C7-8D3DD6E32F82}.AppStore|Any CPU.ActiveCfg = Release|Any CPU
		{DC9578FA-61FD-4F57-A6C7-8D3DD6E32F82}.AppStore|Any CPU.Build.0 = Release|Any CPU
		{DC9578FA-61FD-4F57-A6C7-8D3DD6E32F82}.AppStore|Any CPU.Deploy.0 = Release|Any CPU
		{DC9578FA-61FD-4F57-A6C7-8D3DD6E32F82}.AppStore|ARM.ActiveCfg = Release|Any CPU
		{DC9578FA-61FD-4F57-A6C7-8D3DD6E32F82}.AppStore|ARM.Build.0 = Release|Any CPU
		{DC9578FA-61FD-4F57-A6C7-8D3DD6E32F82}.AppStore|ARM.Deploy.0 = Release|Any CPU
		{DC9578FA-61FD-4F57-A6C7-8D3DD6E32F82}.AppStore|iPhone.ActiveCfg = Release|Any CPU
		{DC9578FA-61FD-4F57-A6C7-8D3DD6E32F82}.AppStore|iPhone.Build.0 = Release|Any CPU
		{DC9578FA-61FD-4F57-A6C7-8D3DD6E32F82}.AppStore|iPhone.Deploy.0 = Release|Any CPU
		{DC9578FA-61FD-4F57-A6C7-8D3DD6E32F82}.AppStore|iPhoneSimulator.ActiveCfg = Release|Any CPU
		{DC9578FA-61FD-4F57-A6C7-8D3DD6E32F82}.AppStore|iPhoneSimulator.Build.0 = Release|Any CPU
		{DC9578FA-61FD-4F57-A6C7-8D3DD6E32F82}.AppStore|iPhoneSimulator.Deploy.0 = Release|Any CPU
		{DC9578FA-61FD-4F57-A6C7-8D3DD6E32F82}.AppStore|x64.ActiveCfg = Release|Any CPU
		{DC9578FA-61FD-4F57-A6C7-8D3DD6E32F82}.AppStore|x64.Build.0 = Release|Any CPU
		{DC9578FA-61FD-4F57-A6C7-8D3DD6E32F82}.AppStore|x64.Deploy.0 = Release|Any CPU
		{DC9578FA-61FD-4F57-A6C7-8D3DD6E32F82}.AppStore|x86.ActiveCfg = Release|Any CPU
		{DC9578FA-61FD-4F57-A6C7-8D3DD6E32F82}.AppStore|x86.Build.0 = Release|Any CPU
		{DC9578FA-61FD-4F57-A6C7-8D3DD6E32F82}.AppStore|x86.Deploy.0 = Release|Any CPU
		{DC9578FA-61FD-4F57-A6C7-8D3DD6E32F82}.Debug|Any CPU.ActiveCfg = Debug|Any CPU
		{DC9578FA-61FD-4F57-A6C7-8D3DD6E32F82}.Debug|Any CPU.Build.0 = Debug|Any CPU
		{DC9578FA-61FD-4F57-A6C7-8D3DD6E32F82}.Debug|Any CPU.Deploy.0 = Debug|Any CPU
		{DC9578FA-61FD-4F57-A6C7-8D3DD6E32F82}.Debug|ARM.ActiveCfg = Debug|Any CPU
		{DC9578FA-61FD-4F57-A6C7-8D3DD6E32F82}.Debug|ARM.Build.0 = Debug|Any CPU
		{DC9578FA-61FD-4F57-A6C7-8D3DD6E32F82}.Debug|ARM.Deploy.0 = Debug|Any CPU
		{DC9578FA-61FD-4F57-A6C7-8D3DD6E32F82}.Debug|iPhone.ActiveCfg = Debug|Any CPU
		{DC9578FA-61FD-4F57-A6C7-8D3DD6E32F82}.Debug|iPhone.Build.0 = Debug|Any CPU
		{DC9578FA-61FD-4F57-A6C7-8D3DD6E32F82}.Debug|iPhone.Deploy.0 = Debug|Any CPU
		{DC9578FA-61FD-4F57-A6C7-8D3DD6E32F82}.Debug|iPhoneSimulator.ActiveCfg = Debug|Any CPU
		{DC9578FA-61FD-4F57-A6C7-8D3DD6E32F82}.Debug|iPhoneSimulator.Build.0 = Debug|Any CPU
		{DC9578FA-61FD-4F57-A6C7-8D3DD6E32F82}.Debug|iPhoneSimulator.Deploy.0 = Debug|Any CPU
		{DC9578FA-61FD-4F57-A6C7-8D3DD6E32F82}.Debug|x64.ActiveCfg = Debug|Any CPU
		{DC9578FA-61FD-4F57-A6C7-8D3DD6E32F82}.Debug|x64.Build.0 = Debug|Any CPU
		{DC9578FA-61FD-4F57-A6C7-8D3DD6E32F82}.Debug|x64.Deploy.0 = Debug|Any CPU
		{DC9578FA-61FD-4F57-A6C7-8D3DD6E32F82}.Debug|x86.ActiveCfg = Debug|Any CPU
		{DC9578FA-61FD-4F57-A6C7-8D3DD6E32F82}.Debug|x86.Build.0 = Debug|Any CPU
		{DC9578FA-61FD-4F57-A6C7-8D3DD6E32F82}.Debug|x86.Deploy.0 = Debug|Any CPU
		{DC9578FA-61FD-4F57-A6C7-8D3DD6E32F82}.Release|Any CPU.ActiveCfg = Release|Any CPU
		{DC9578FA-61FD-4F57-A6C7-8D3DD6E32F82}.Release|Any CPU.Build.0 = Release|Any CPU
		{DC9578FA-61FD-4F57-A6C7-8D3DD6E32F82}.Release|Any CPU.Deploy.0 = Release|Any CPU
		{DC9578FA-61FD-4F57-A6C7-8D3DD6E32F82}.Release|ARM.ActiveCfg = Release|Any CPU
		{DC9578FA-61FD-4F57-A6C7-8D3DD6E32F82}.Release|ARM.Build.0 = Release|Any CPU
		{DC9578FA-61FD-4F57-A6C7-8D3DD6E32F82}.Release|ARM.Deploy.0 = Release|Any CPU
		{DC9578FA-61FD-4F57-A6C7-8D3DD6E32F82}.Release|iPhone.ActiveCfg = Release|Any CPU
		{DC9578FA-61FD-4F57-A6C7-8D3DD6E32F82}.Release|iPhone.Build.0 = Release|Any CPU
		{DC9578FA-61FD-4F57-A6C7-8D3DD6E32F82}.Release|iPhone.Deploy.0 = Release|Any CPU
		{DC9578FA-61FD-4F57-A6C7-8D3DD6E32F82}.Release|iPhoneSimulator.ActiveCfg = Release|Any CPU
		{DC9578FA-61FD-4F57-A6C7-8D3DD6E32F82}.Release|iPhoneSimulator.Build.0 = Release|Any CPU
		{DC9578FA-61FD-4F57-A6C7-8D3DD6E32F82}.Release|iPhoneSimulator.Deploy.0 = Release|Any CPU
		{DC9578FA-61FD-4F57-A6C7-8D3DD6E32F82}.Release|x64.ActiveCfg = Release|Any CPU
		{DC9578FA-61FD-4F57-A6C7-8D3DD6E32F82}.Release|x64.Build.0 = Release|Any CPU
		{DC9578FA-61FD-4F57-A6C7-8D3DD6E32F82}.Release|x64.Deploy.0 = Release|Any CPU
		{DC9578FA-61FD-4F57-A6C7-8D3DD6E32F82}.Release|x86.ActiveCfg = Release|Any CPU
		{DC9578FA-61FD-4F57-A6C7-8D3DD6E32F82}.Release|x86.Build.0 = Release|Any CPU
		{DC9578FA-61FD-4F57-A6C7-8D3DD6E32F82}.Release|x86.Deploy.0 = Release|Any CPU
		{E5AF1782-6FEA-4EEF-9BCB-4B1297B1619F}.Ad-Hoc|Any CPU.ActiveCfg = Ad-Hoc|iPhone
		{E5AF1782-6FEA-4EEF-9BCB-4B1297B1619F}.Ad-Hoc|ARM.ActiveCfg = Ad-Hoc|iPhone
		{E5AF1782-6FEA-4EEF-9BCB-4B1297B1619F}.Ad-Hoc|iPhone.ActiveCfg = Ad-Hoc|iPhone
		{E5AF1782-6FEA-4EEF-9BCB-4B1297B1619F}.Ad-Hoc|iPhone.Build.0 = Ad-Hoc|iPhone
		{E5AF1782-6FEA-4EEF-9BCB-4B1297B1619F}.Ad-Hoc|iPhoneSimulator.ActiveCfg = Ad-Hoc|iPhoneSimulator
		{E5AF1782-6FEA-4EEF-9BCB-4B1297B1619F}.Ad-Hoc|iPhoneSimulator.Build.0 = Ad-Hoc|iPhoneSimulator
		{E5AF1782-6FEA-4EEF-9BCB-4B1297B1619F}.Ad-Hoc|x64.ActiveCfg = Ad-Hoc|iPhone
		{E5AF1782-6FEA-4EEF-9BCB-4B1297B1619F}.Ad-Hoc|x86.ActiveCfg = Ad-Hoc|iPhone
		{E5AF1782-6FEA-4EEF-9BCB-4B1297B1619F}.AppStore|Any CPU.ActiveCfg = AppStore|iPhone
		{E5AF1782-6FEA-4EEF-9BCB-4B1297B1619F}.AppStore|ARM.ActiveCfg = AppStore|iPhone
		{E5AF1782-6FEA-4EEF-9BCB-4B1297B1619F}.AppStore|iPhone.ActiveCfg = AppStore|iPhone
		{E5AF1782-6FEA-4EEF-9BCB-4B1297B1619F}.AppStore|iPhone.Build.0 = AppStore|iPhone
		{E5AF1782-6FEA-4EEF-9BCB-4B1297B1619F}.AppStore|iPhoneSimulator.ActiveCfg = AppStore|iPhoneSimulator
		{E5AF1782-6FEA-4EEF-9BCB-4B1297B1619F}.AppStore|iPhoneSimulator.Build.0 = AppStore|iPhoneSimulator
		{E5AF1782-6FEA-4EEF-9BCB-4B1297B1619F}.AppStore|x64.ActiveCfg = AppStore|iPhone
		{E5AF1782-6FEA-4EEF-9BCB-4B1297B1619F}.AppStore|x86.ActiveCfg = AppStore|iPhone
		{E5AF1782-6FEA-4EEF-9BCB-4B1297B1619F}.Debug|Any CPU.ActiveCfg = Debug|iPhone
		{E5AF1782-6FEA-4EEF-9BCB-4B1297B1619F}.Debug|ARM.ActiveCfg = Debug|iPhone
		{E5AF1782-6FEA-4EEF-9BCB-4B1297B1619F}.Debug|iPhone.ActiveCfg = Debug|iPhone
		{E5AF1782-6FEA-4EEF-9BCB-4B1297B1619F}.Debug|iPhone.Build.0 = Debug|iPhone
		{E5AF1782-6FEA-4EEF-9BCB-4B1297B1619F}.Debug|iPhoneSimulator.ActiveCfg = Debug|iPhoneSimulator
		{E5AF1782-6FEA-4EEF-9BCB-4B1297B1619F}.Debug|iPhoneSimulator.Build.0 = Debug|iPhoneSimulator
		{E5AF1782-6FEA-4EEF-9BCB-4B1297B1619F}.Debug|x64.ActiveCfg = Debug|iPhone
		{E5AF1782-6FEA-4EEF-9BCB-4B1297B1619F}.Debug|x86.ActiveCfg = Debug|iPhone
		{E5AF1782-6FEA-4EEF-9BCB-4B1297B1619F}.Release|Any CPU.ActiveCfg = Release|iPhone
		{E5AF1782-6FEA-4EEF-9BCB-4B1297B1619F}.Release|ARM.ActiveCfg = Release|iPhone
		{E5AF1782-6FEA-4EEF-9BCB-4B1297B1619F}.Release|iPhone.ActiveCfg = Release|iPhone
		{E5AF1782-6FEA-4EEF-9BCB-4B1297B1619F}.Release|iPhone.Build.0 = Release|iPhone
		{E5AF1782-6FEA-4EEF-9BCB-4B1297B1619F}.Release|iPhoneSimulator.ActiveCfg = Release|iPhoneSimulator
		{E5AF1782-6FEA-4EEF-9BCB-4B1297B1619F}.Release|iPhoneSimulator.Build.0 = Release|iPhoneSimulator
		{E5AF1782-6FEA-4EEF-9BCB-4B1297B1619F}.Release|x64.ActiveCfg = Release|iPhone
		{E5AF1782-6FEA-4EEF-9BCB-4B1297B1619F}.Release|x86.ActiveCfg = Release|iPhone
		{DDB81929-B19E-4C5A-9FB9-0A72F10D1EAF}.Ad-Hoc|Any CPU.ActiveCfg = Release|Any CPU
		{DDB81929-B19E-4C5A-9FB9-0A72F10D1EAF}.Ad-Hoc|Any CPU.Build.0 = Release|Any CPU
		{DDB81929-B19E-4C5A-9FB9-0A72F10D1EAF}.Ad-Hoc|Any CPU.Deploy.0 = Release|Any CPU
		{DDB81929-B19E-4C5A-9FB9-0A72F10D1EAF}.Ad-Hoc|ARM.ActiveCfg = Release|ARM
		{DDB81929-B19E-4C5A-9FB9-0A72F10D1EAF}.Ad-Hoc|ARM.Build.0 = Release|ARM
		{DDB81929-B19E-4C5A-9FB9-0A72F10D1EAF}.Ad-Hoc|ARM.Deploy.0 = Release|ARM
		{DDB81929-B19E-4C5A-9FB9-0A72F10D1EAF}.Ad-Hoc|iPhone.ActiveCfg = Release|Any CPU
		{DDB81929-B19E-4C5A-9FB9-0A72F10D1EAF}.Ad-Hoc|iPhone.Build.0 = Release|Any CPU
		{DDB81929-B19E-4C5A-9FB9-0A72F10D1EAF}.Ad-Hoc|iPhone.Deploy.0 = Release|Any CPU
		{DDB81929-B19E-4C5A-9FB9-0A72F10D1EAF}.Ad-Hoc|iPhoneSimulator.ActiveCfg = Release|Any CPU
		{DDB81929-B19E-4C5A-9FB9-0A72F10D1EAF}.Ad-Hoc|iPhoneSimulator.Build.0 = Release|Any CPU
		{DDB81929-B19E-4C5A-9FB9-0A72F10D1EAF}.Ad-Hoc|iPhoneSimulator.Deploy.0 = Release|Any CPU
		{DDB81929-B19E-4C5A-9FB9-0A72F10D1EAF}.Ad-Hoc|x64.ActiveCfg = Release|Any CPU
		{DDB81929-B19E-4C5A-9FB9-0A72F10D1EAF}.Ad-Hoc|x64.Build.0 = Release|Any CPU
		{DDB81929-B19E-4C5A-9FB9-0A72F10D1EAF}.Ad-Hoc|x64.Deploy.0 = Release|Any CPU
		{DDB81929-B19E-4C5A-9FB9-0A72F10D1EAF}.Ad-Hoc|x86.ActiveCfg = Release|x86
		{DDB81929-B19E-4C5A-9FB9-0A72F10D1EAF}.Ad-Hoc|x86.Build.0 = Release|x86
		{DDB81929-B19E-4C5A-9FB9-0A72F10D1EAF}.Ad-Hoc|x86.Deploy.0 = Release|x86
		{DDB81929-B19E-4C5A-9FB9-0A72F10D1EAF}.AppStore|Any CPU.ActiveCfg = Release|Any CPU
		{DDB81929-B19E-4C5A-9FB9-0A72F10D1EAF}.AppStore|Any CPU.Build.0 = Release|Any CPU
		{DDB81929-B19E-4C5A-9FB9-0A72F10D1EAF}.AppStore|Any CPU.Deploy.0 = Release|Any CPU
		{DDB81929-B19E-4C5A-9FB9-0A72F10D1EAF}.AppStore|ARM.ActiveCfg = Release|ARM
		{DDB81929-B19E-4C5A-9FB9-0A72F10D1EAF}.AppStore|ARM.Build.0 = Release|ARM
		{DDB81929-B19E-4C5A-9FB9-0A72F10D1EAF}.AppStore|ARM.Deploy.0 = Release|ARM
		{DDB81929-B19E-4C5A-9FB9-0A72F10D1EAF}.AppStore|iPhone.ActiveCfg = Release|Any CPU
		{DDB81929-B19E-4C5A-9FB9-0A72F10D1EAF}.AppStore|iPhone.Build.0 = Release|Any CPU
		{DDB81929-B19E-4C5A-9FB9-0A72F10D1EAF}.AppStore|iPhone.Deploy.0 = Release|Any CPU
		{DDB81929-B19E-4C5A-9FB9-0A72F10D1EAF}.AppStore|iPhoneSimulator.ActiveCfg = Release|Any CPU
		{DDB81929-B19E-4C5A-9FB9-0A72F10D1EAF}.AppStore|iPhoneSimulator.Build.0 = Release|Any CPU
		{DDB81929-B19E-4C5A-9FB9-0A72F10D1EAF}.AppStore|iPhoneSimulator.Deploy.0 = Release|Any CPU
		{DDB81929-B19E-4C5A-9FB9-0A72F10D1EAF}.AppStore|x64.ActiveCfg = Release|Any CPU
		{DDB81929-B19E-4C5A-9FB9-0A72F10D1EAF}.AppStore|x64.Build.0 = Release|Any CPU
		{DDB81929-B19E-4C5A-9FB9-0A72F10D1EAF}.AppStore|x64.Deploy.0 = Release|Any CPU
		{DDB81929-B19E-4C5A-9FB9-0A72F10D1EAF}.AppStore|x86.ActiveCfg = Release|x86
		{DDB81929-B19E-4C5A-9FB9-0A72F10D1EAF}.AppStore|x86.Build.0 = Release|x86
		{DDB81929-B19E-4C5A-9FB9-0A72F10D1EAF}.AppStore|x86.Deploy.0 = Release|x86
		{DDB81929-B19E-4C5A-9FB9-0A72F10D1EAF}.Debug|Any CPU.ActiveCfg = Debug|Any CPU
		{DDB81929-B19E-4C5A-9FB9-0A72F10D1EAF}.Debug|Any CPU.Build.0 = Debug|Any CPU
		{DDB81929-B19E-4C5A-9FB9-0A72F10D1EAF}.Debug|Any CPU.Deploy.0 = Debug|Any CPU
		{DDB81929-B19E-4C5A-9FB9-0A72F10D1EAF}.Debug|ARM.ActiveCfg = Debug|ARM
		{DDB81929-B19E-4C5A-9FB9-0A72F10D1EAF}.Debug|ARM.Build.0 = Debug|ARM
		{DDB81929-B19E-4C5A-9FB9-0A72F10D1EAF}.Debug|ARM.Deploy.0 = Debug|ARM
		{DDB81929-B19E-4C5A-9FB9-0A72F10D1EAF}.Debug|iPhone.ActiveCfg = Debug|Any CPU
		{DDB81929-B19E-4C5A-9FB9-0A72F10D1EAF}.Debug|iPhone.Build.0 = Debug|Any CPU
		{DDB81929-B19E-4C5A-9FB9-0A72F10D1EAF}.Debug|iPhone.Deploy.0 = Debug|Any CPU
		{DDB81929-B19E-4C5A-9FB9-0A72F10D1EAF}.Debug|iPhoneSimulator.ActiveCfg = Debug|Any CPU
		{DDB81929-B19E-4C5A-9FB9-0A72F10D1EAF}.Debug|iPhoneSimulator.Build.0 = Debug|Any CPU
		{DDB81929-B19E-4C5A-9FB9-0A72F10D1EAF}.Debug|iPhoneSimulator.Deploy.0 = Debug|Any CPU
		{DDB81929-B19E-4C5A-9FB9-0A72F10D1EAF}.Debug|x64.ActiveCfg = Debug|Any CPU
		{DDB81929-B19E-4C5A-9FB9-0A72F10D1EAF}.Debug|x64.Build.0 = Debug|Any CPU
		{DDB81929-B19E-4C5A-9FB9-0A72F10D1EAF}.Debug|x64.Deploy.0 = Debug|Any CPU
		{DDB81929-B19E-4C5A-9FB9-0A72F10D1EAF}.Debug|x86.ActiveCfg = Debug|x86
		{DDB81929-B19E-4C5A-9FB9-0A72F10D1EAF}.Debug|x86.Build.0 = Debug|x86
		{DDB81929-B19E-4C5A-9FB9-0A72F10D1EAF}.Debug|x86.Deploy.0 = Debug|x86
		{DDB81929-B19E-4C5A-9FB9-0A72F10D1EAF}.Release|Any CPU.ActiveCfg = Release|Any CPU
		{DDB81929-B19E-4C5A-9FB9-0A72F10D1EAF}.Release|Any CPU.Build.0 = Release|Any CPU
		{DDB81929-B19E-4C5A-9FB9-0A72F10D1EAF}.Release|Any CPU.Deploy.0 = Release|Any CPU
		{DDB81929-B19E-4C5A-9FB9-0A72F10D1EAF}.Release|ARM.ActiveCfg = Release|ARM
		{DDB81929-B19E-4C5A-9FB9-0A72F10D1EAF}.Release|ARM.Build.0 = Release|ARM
		{DDB81929-B19E-4C5A-9FB9-0A72F10D1EAF}.Release|ARM.Deploy.0 = Release|ARM
		{DDB81929-B19E-4C5A-9FB9-0A72F10D1EAF}.Release|iPhone.ActiveCfg = Release|Any CPU
		{DDB81929-B19E-4C5A-9FB9-0A72F10D1EAF}.Release|iPhone.Build.0 = Release|Any CPU
		{DDB81929-B19E-4C5A-9FB9-0A72F10D1EAF}.Release|iPhone.Deploy.0 = Release|Any CPU
		{DDB81929-B19E-4C5A-9FB9-0A72F10D1EAF}.Release|iPhoneSimulator.ActiveCfg = Release|Any CPU
		{DDB81929-B19E-4C5A-9FB9-0A72F10D1EAF}.Release|iPhoneSimulator.Build.0 = Release|Any CPU
		{DDB81929-B19E-4C5A-9FB9-0A72F10D1EAF}.Release|iPhoneSimulator.Deploy.0 = Release|Any CPU
		{DDB81929-B19E-4C5A-9FB9-0A72F10D1EAF}.Release|x64.ActiveCfg = Release|Any CPU
		{DDB81929-B19E-4C5A-9FB9-0A72F10D1EAF}.Release|x64.Build.0 = Release|Any CPU
		{DDB81929-B19E-4C5A-9FB9-0A72F10D1EAF}.Release|x64.Deploy.0 = Release|Any CPU
		{DDB81929-B19E-4C5A-9FB9-0A72F10D1EAF}.Release|x86.ActiveCfg = Release|x86
		{DDB81929-B19E-4C5A-9FB9-0A72F10D1EAF}.Release|x86.Build.0 = Release|x86
		{DDB81929-B19E-4C5A-9FB9-0A72F10D1EAF}.Release|x86.Deploy.0 = Release|x86
		{E9DCACCF-DF85-4A19-B043-A0EC00CE05AD}.Ad-Hoc|Any CPU.ActiveCfg = Release|x86
		{E9DCACCF-DF85-4A19-B043-A0EC00CE05AD}.Ad-Hoc|Any CPU.Build.0 = Release|x86
		{E9DCACCF-DF85-4A19-B043-A0EC00CE05AD}.Ad-Hoc|Any CPU.Deploy.0 = Release|x86
		{E9DCACCF-DF85-4A19-B043-A0EC00CE05AD}.Ad-Hoc|ARM.ActiveCfg = Release|ARM
		{E9DCACCF-DF85-4A19-B043-A0EC00CE05AD}.Ad-Hoc|ARM.Build.0 = Release|ARM
		{E9DCACCF-DF85-4A19-B043-A0EC00CE05AD}.Ad-Hoc|ARM.Deploy.0 = Release|ARM
		{E9DCACCF-DF85-4A19-B043-A0EC00CE05AD}.Ad-Hoc|iPhone.ActiveCfg = Release|x86
		{E9DCACCF-DF85-4A19-B043-A0EC00CE05AD}.Ad-Hoc|iPhone.Build.0 = Release|x86
		{E9DCACCF-DF85-4A19-B043-A0EC00CE05AD}.Ad-Hoc|iPhone.Deploy.0 = Release|x86
		{E9DCACCF-DF85-4A19-B043-A0EC00CE05AD}.Ad-Hoc|iPhoneSimulator.ActiveCfg = Release|x86
		{E9DCACCF-DF85-4A19-B043-A0EC00CE05AD}.Ad-Hoc|iPhoneSimulator.Build.0 = Release|x86
		{E9DCACCF-DF85-4A19-B043-A0EC00CE05AD}.Ad-Hoc|iPhoneSimulator.Deploy.0 = Release|x86
		{E9DCACCF-DF85-4A19-B043-A0EC00CE05AD}.Ad-Hoc|x64.ActiveCfg = Release|x64
		{E9DCACCF-DF85-4A19-B043-A0EC00CE05AD}.Ad-Hoc|x64.Build.0 = Release|x64
		{E9DCACCF-DF85-4A19-B043-A0EC00CE05AD}.Ad-Hoc|x64.Deploy.0 = Release|x64
		{E9DCACCF-DF85-4A19-B043-A0EC00CE05AD}.Ad-Hoc|x86.ActiveCfg = Release|x86
		{E9DCACCF-DF85-4A19-B043-A0EC00CE05AD}.Ad-Hoc|x86.Build.0 = Release|x86
		{E9DCACCF-DF85-4A19-B043-A0EC00CE05AD}.Ad-Hoc|x86.Deploy.0 = Release|x86
		{E9DCACCF-DF85-4A19-B043-A0EC00CE05AD}.AppStore|Any CPU.ActiveCfg = Release|x86
		{E9DCACCF-DF85-4A19-B043-A0EC00CE05AD}.AppStore|Any CPU.Build.0 = Release|x86
		{E9DCACCF-DF85-4A19-B043-A0EC00CE05AD}.AppStore|Any CPU.Deploy.0 = Release|x86
		{E9DCACCF-DF85-4A19-B043-A0EC00CE05AD}.AppStore|ARM.ActiveCfg = Release|ARM
		{E9DCACCF-DF85-4A19-B043-A0EC00CE05AD}.AppStore|ARM.Build.0 = Release|ARM
		{E9DCACCF-DF85-4A19-B043-A0EC00CE05AD}.AppStore|ARM.Deploy.0 = Release|ARM
		{E9DCACCF-DF85-4A19-B043-A0EC00CE05AD}.AppStore|iPhone.ActiveCfg = Release|x86
		{E9DCACCF-DF85-4A19-B043-A0EC00CE05AD}.AppStore|iPhone.Build.0 = Release|x86
		{E9DCACCF-DF85-4A19-B043-A0EC00CE05AD}.AppStore|iPhone.Deploy.0 = Release|x86
		{E9DCACCF-DF85-4A19-B043-A0EC00CE05AD}.AppStore|iPhoneSimulator.ActiveCfg = Release|x86
		{E9DCACCF-DF85-4A19-B043-A0EC00CE05AD}.AppStore|iPhoneSimulator.Build.0 = Release|x86
		{E9DCACCF-DF85-4A19-B043-A0EC00CE05AD}.AppStore|iPhoneSimulator.Deploy.0 = Release|x86
		{E9DCACCF-DF85-4A19-B043-A0EC00CE05AD}.AppStore|x64.ActiveCfg = Release|x64
		{E9DCACCF-DF85-4A19-B043-A0EC00CE05AD}.AppStore|x64.Build.0 = Release|x64
		{E9DCACCF-DF85-4A19-B043-A0EC00CE05AD}.AppStore|x64.Deploy.0 = Release|x64
		{E9DCACCF-DF85-4A19-B043-A0EC00CE05AD}.AppStore|x86.ActiveCfg = Release|x86
		{E9DCACCF-DF85-4A19-B043-A0EC00CE05AD}.AppStore|x86.Build.0 = Release|x86
		{E9DCACCF-DF85-4A19-B043-A0EC00CE05AD}.AppStore|x86.Deploy.0 = Release|x86
		{E9DCACCF-DF85-4A19-B043-A0EC00CE05AD}.Debug|Any CPU.ActiveCfg = Debug|x86
		{E9DCACCF-DF85-4A19-B043-A0EC00CE05AD}.Debug|ARM.ActiveCfg = Debug|ARM
		{E9DCACCF-DF85-4A19-B043-A0EC00CE05AD}.Debug|ARM.Build.0 = Debug|ARM
		{E9DCACCF-DF85-4A19-B043-A0EC00CE05AD}.Debug|ARM.Deploy.0 = Debug|ARM
		{E9DCACCF-DF85-4A19-B043-A0EC00CE05AD}.Debug|iPhone.ActiveCfg = Debug|x86
		{E9DCACCF-DF85-4A19-B043-A0EC00CE05AD}.Debug|iPhoneSimulator.ActiveCfg = Debug|x86
		{E9DCACCF-DF85-4A19-B043-A0EC00CE05AD}.Debug|x64.ActiveCfg = Debug|x64
		{E9DCACCF-DF85-4A19-B043-A0EC00CE05AD}.Debug|x64.Build.0 = Debug|x64
		{E9DCACCF-DF85-4A19-B043-A0EC00CE05AD}.Debug|x64.Deploy.0 = Debug|x64
		{E9DCACCF-DF85-4A19-B043-A0EC00CE05AD}.Debug|x86.ActiveCfg = Debug|x86
		{E9DCACCF-DF85-4A19-B043-A0EC00CE05AD}.Debug|x86.Build.0 = Debug|x86
		{E9DCACCF-DF85-4A19-B043-A0EC00CE05AD}.Debug|x86.Deploy.0 = Debug|x86
		{E9DCACCF-DF85-4A19-B043-A0EC00CE05AD}.Release|Any CPU.ActiveCfg = Release|x86
		{E9DCACCF-DF85-4A19-B043-A0EC00CE05AD}.Release|ARM.ActiveCfg = Release|ARM
		{E9DCACCF-DF85-4A19-B043-A0EC00CE05AD}.Release|ARM.Build.0 = Release|ARM
		{E9DCACCF-DF85-4A19-B043-A0EC00CE05AD}.Release|ARM.Deploy.0 = Release|ARM
		{E9DCACCF-DF85-4A19-B043-A0EC00CE05AD}.Release|iPhone.ActiveCfg = Release|x86
		{E9DCACCF-DF85-4A19-B043-A0EC00CE05AD}.Release|iPhoneSimulator.ActiveCfg = Release|x86
		{E9DCACCF-DF85-4A19-B043-A0EC00CE05AD}.Release|x64.ActiveCfg = Release|x64
		{E9DCACCF-DF85-4A19-B043-A0EC00CE05AD}.Release|x64.Build.0 = Release|x64
		{E9DCACCF-DF85-4A19-B043-A0EC00CE05AD}.Release|x64.Deploy.0 = Release|x64
		{E9DCACCF-DF85-4A19-B043-A0EC00CE05AD}.Release|x86.ActiveCfg = Release|x86
		{E9DCACCF-DF85-4A19-B043-A0EC00CE05AD}.Release|x86.Build.0 = Release|x86
		{E9DCACCF-DF85-4A19-B043-A0EC00CE05AD}.Release|x86.Deploy.0 = Release|x86
		{9BE67903-9441-4B7F-919F-830185B60302}.Ad-Hoc|Any CPU.ActiveCfg = Release|Any CPU
		{9BE67903-9441-4B7F-919F-830185B60302}.Ad-Hoc|Any CPU.Build.0 = Release|Any CPU
		{9BE67903-9441-4B7F-919F-830185B60302}.Ad-Hoc|Any CPU.Deploy.0 = Release|Any CPU
		{9BE67903-9441-4B7F-919F-830185B60302}.Ad-Hoc|ARM.ActiveCfg = Release|ARM
		{9BE67903-9441-4B7F-919F-830185B60302}.Ad-Hoc|ARM.Build.0 = Release|ARM
		{9BE67903-9441-4B7F-919F-830185B60302}.Ad-Hoc|ARM.Deploy.0 = Release|ARM
		{9BE67903-9441-4B7F-919F-830185B60302}.Ad-Hoc|iPhone.ActiveCfg = Release|Any CPU
		{9BE67903-9441-4B7F-919F-830185B60302}.Ad-Hoc|iPhone.Build.0 = Release|Any CPU
		{9BE67903-9441-4B7F-919F-830185B60302}.Ad-Hoc|iPhone.Deploy.0 = Release|Any CPU
		{9BE67903-9441-4B7F-919F-830185B60302}.Ad-Hoc|iPhoneSimulator.ActiveCfg = Release|Any CPU
		{9BE67903-9441-4B7F-919F-830185B60302}.Ad-Hoc|iPhoneSimulator.Build.0 = Release|Any CPU
		{9BE67903-9441-4B7F-919F-830185B60302}.Ad-Hoc|iPhoneSimulator.Deploy.0 = Release|Any CPU
		{9BE67903-9441-4B7F-919F-830185B60302}.Ad-Hoc|x64.ActiveCfg = Release|x64
		{9BE67903-9441-4B7F-919F-830185B60302}.Ad-Hoc|x64.Build.0 = Release|x64
		{9BE67903-9441-4B7F-919F-830185B60302}.Ad-Hoc|x64.Deploy.0 = Release|x64
		{9BE67903-9441-4B7F-919F-830185B60302}.Ad-Hoc|x86.ActiveCfg = Release|x86
		{9BE67903-9441-4B7F-919F-830185B60302}.Ad-Hoc|x86.Build.0 = Release|x86
		{9BE67903-9441-4B7F-919F-830185B60302}.Ad-Hoc|x86.Deploy.0 = Release|x86
		{9BE67903-9441-4B7F-919F-830185B60302}.AppStore|Any CPU.ActiveCfg = Release|Any CPU
		{9BE67903-9441-4B7F-919F-830185B60302}.AppStore|Any CPU.Build.0 = Release|Any CPU
		{9BE67903-9441-4B7F-919F-830185B60302}.AppStore|Any CPU.Deploy.0 = Release|Any CPU
		{9BE67903-9441-4B7F-919F-830185B60302}.AppStore|ARM.ActiveCfg = Release|ARM
		{9BE67903-9441-4B7F-919F-830185B60302}.AppStore|ARM.Build.0 = Release|ARM
		{9BE67903-9441-4B7F-919F-830185B60302}.AppStore|ARM.Deploy.0 = Release|ARM
		{9BE67903-9441-4B7F-919F-830185B60302}.AppStore|iPhone.ActiveCfg = Release|Any CPU
		{9BE67903-9441-4B7F-919F-830185B60302}.AppStore|iPhone.Build.0 = Release|Any CPU
		{9BE67903-9441-4B7F-919F-830185B60302}.AppStore|iPhone.Deploy.0 = Release|Any CPU
		{9BE67903-9441-4B7F-919F-830185B60302}.AppStore|iPhoneSimulator.ActiveCfg = Release|Any CPU
		{9BE67903-9441-4B7F-919F-830185B60302}.AppStore|iPhoneSimulator.Build.0 = Release|Any CPU
		{9BE67903-9441-4B7F-919F-830185B60302}.AppStore|iPhoneSimulator.Deploy.0 = Release|Any CPU
		{9BE67903-9441-4B7F-919F-830185B60302}.AppStore|x64.ActiveCfg = Release|x64
		{9BE67903-9441-4B7F-919F-830185B60302}.AppStore|x64.Build.0 = Release|x64
		{9BE67903-9441-4B7F-919F-830185B60302}.AppStore|x64.Deploy.0 = Release|x64
		{9BE67903-9441-4B7F-919F-830185B60302}.AppStore|x86.ActiveCfg = Release|x86
		{9BE67903-9441-4B7F-919F-830185B60302}.AppStore|x86.Build.0 = Release|x86
		{9BE67903-9441-4B7F-919F-830185B60302}.AppStore|x86.Deploy.0 = Release|x86
		{9BE67903-9441-4B7F-919F-830185B60302}.Debug|Any CPU.ActiveCfg = Debug|Any CPU
		{9BE67903-9441-4B7F-919F-830185B60302}.Debug|Any CPU.Build.0 = Debug|Any CPU
		{9BE67903-9441-4B7F-919F-830185B60302}.Debug|Any CPU.Deploy.0 = Debug|Any CPU
		{9BE67903-9441-4B7F-919F-830185B60302}.Debug|ARM.ActiveCfg = Debug|ARM
		{9BE67903-9441-4B7F-919F-830185B60302}.Debug|ARM.Build.0 = Debug|ARM
		{9BE67903-9441-4B7F-919F-830185B60302}.Debug|ARM.Deploy.0 = Debug|ARM
		{9BE67903-9441-4B7F-919F-830185B60302}.Debug|iPhone.ActiveCfg = Debug|Any CPU
		{9BE67903-9441-4B7F-919F-830185B60302}.Debug|iPhone.Build.0 = Debug|Any CPU
		{9BE67903-9441-4B7F-919F-830185B60302}.Debug|iPhone.Deploy.0 = Debug|Any CPU
		{9BE67903-9441-4B7F-919F-830185B60302}.Debug|iPhoneSimulator.ActiveCfg = Debug|Any CPU
		{9BE67903-9441-4B7F-919F-830185B60302}.Debug|iPhoneSimulator.Build.0 = Debug|Any CPU
		{9BE67903-9441-4B7F-919F-830185B60302}.Debug|iPhoneSimulator.Deploy.0 = Debug|Any CPU
		{9BE67903-9441-4B7F-919F-830185B60302}.Debug|x64.ActiveCfg = Debug|x64
		{9BE67903-9441-4B7F-919F-830185B60302}.Debug|x64.Build.0 = Debug|x64
		{9BE67903-9441-4B7F-919F-830185B60302}.Debug|x64.Deploy.0 = Debug|x64
		{9BE67903-9441-4B7F-919F-830185B60302}.Debug|x86.ActiveCfg = Debug|x86
		{9BE67903-9441-4B7F-919F-830185B60302}.Debug|x86.Build.0 = Debug|x86
		{9BE67903-9441-4B7F-919F-830185B60302}.Debug|x86.Deploy.0 = Debug|x86
		{9BE67903-9441-4B7F-919F-830185B60302}.Release|Any CPU.ActiveCfg = Release|Any CPU
		{9BE67903-9441-4B7F-919F-830185B60302}.Release|Any CPU.Build.0 = Release|Any CPU
		{9BE67903-9441-4B7F-919F-830185B60302}.Release|Any CPU.Deploy.0 = Release|Any CPU
		{9BE67903-9441-4B7F-919F-830185B60302}.Release|ARM.ActiveCfg = Release|ARM
		{9BE67903-9441-4B7F-919F-830185B60302}.Release|ARM.Build.0 = Release|ARM
		{9BE67903-9441-4B7F-919F-830185B60302}.Release|ARM.Deploy.0 = Release|ARM
		{9BE67903-9441-4B7F-919F-830185B60302}.Release|iPhone.ActiveCfg = Release|Any CPU
		{9BE67903-9441-4B7F-919F-830185B60302}.Release|iPhone.Build.0 = Release|Any CPU
		{9BE67903-9441-4B7F-919F-830185B60302}.Release|iPhone.Deploy.0 = Release|Any CPU
		{9BE67903-9441-4B7F-919F-830185B60302}.Release|iPhoneSimulator.ActiveCfg = Release|Any CPU
		{9BE67903-9441-4B7F-919F-830185B60302}.Release|iPhoneSimulator.Build.0 = Release|Any CPU
		{9BE67903-9441-4B7F-919F-830185B60302}.Release|iPhoneSimulator.Deploy.0 = Release|Any CPU
		{9BE67903-9441-4B7F-919F-830185B60302}.Release|x64.ActiveCfg = Release|x64
		{9BE67903-9441-4B7F-919F-830185B60302}.Release|x64.Build.0 = Release|x64
		{9BE67903-9441-4B7F-919F-830185B60302}.Release|x64.Deploy.0 = Release|x64
		{9BE67903-9441-4B7F-919F-830185B60302}.Release|x86.ActiveCfg = Release|x86
		{9BE67903-9441-4B7F-919F-830185B60302}.Release|x86.Build.0 = Release|x86
		{9BE67903-9441-4B7F-919F-830185B60302}.Release|x86.Deploy.0 = Release|x86
	EndGlobalSection
	GlobalSection(SolutionProperties) = preSolution
		HideSolutionNode = FALSE
	EndGlobalSection
EndGlobal
